
Microsoft Visual Studio Solution File, Format Version 12.00
# Visual Studio 15
VisualStudioVersion = 15.0.28306.52
MinimumVisualStudioVersion = 10.0.40219.1
Project("{9A19103F-16F7-4668-BE54-9A1E7A4F7556}") = "01.ReverseStrings", "01.ReverseStrings\01.ReverseStrings.csproj", "{AAB2E84E-FF9B-4CEC-AE38-6F3BAEBCD0D4}"
EndProject
Project("{9A19103F-16F7-4668-BE54-9A1E7A4F7556}") = "02.StackSum", "02.StackSum\02.StackSum.csproj", "{1D6A89A4-8F12-422D-B955-AB9407D00B6D}"
EndProject
Project("{9A19103F-16F7-4668-BE54-9A1E7A4F7556}") = "03.SimpleCalculator", "03.SimpleCalculator\03.SimpleCalculator.csproj", "{131F875F-2674-4F88-A895-95BF69850693}"
EndProject
Project("{9A19103F-16F7-4668-BE54-9A1E7A4F7556}") = "04.MatchingBrackets", "04.MatchingBrackets\04.MatchingBrackets.csproj", "{D1E43C76-694B-4F8B-BF37-7643BBD98662}"
EndProject
Project("{9A19103F-16F7-4668-BE54-9A1E7A4F7556}") = "05.Supermarket", "06.Supermarket\05.Supermarket.csproj", "{D03C8131-4713-4F02-833A-D131F001BFFB}"
EndProject
Project("{9A19103F-16F7-4668-BE54-9A1E7A4F7556}") = "06.HotPotato", "06.HotPotato\06.HotPotato.csproj", "{3C0722AF-99C6-445D-93C1-E437611F33FF}"
EndProject
Project("{9A19103F-16F7-4668-BE54-9A1E7A4F7556}") = "07.TrafficJam", "07.TrafficJam\07.TrafficJam.csproj", "{08FBF806-C77D-45FA-866E-1794EA625A71}"
EndProject
Project("{2150E333-8FDC-42A3-9474-1A3956D46DE8}") = "Lab", "Lab", "{63F36024-8D2C-4187-90E4-8D4E9A72FC88}"
EndProject
Project("{2150E333-8FDC-42A3-9474-1A3956D46DE8}") = "Exercise", "Exercise", "{937AC58A-55EE-489F-AA82-9FD64C5AAD88}"
EndProject
Project("{9A19103F-16F7-4668-BE54-9A1E7A4F7556}") = "01.BasicStackOperations", "01.BasicStackOperations\01.BasicStackOperations.csproj", "{F2076EFF-D3F3-4B15-9105-9700F976D63F}"
EndProject
Project("{9A19103F-16F7-4668-BE54-9A1E7A4F7556}") = "02.BasicQueueOperations", "02.BasicQueueOperations\02.BasicQueueOperations.csproj", "{614858CA-38A6-4B05-B034-7A16F305B216}"
EndProject
Project("{9A19103F-16F7-4668-BE54-9A1E7A4F7556}") = "03.MaximumAndMinimumElement", "03.MaximumAndMinimumElement\03.MaximumAndMinimumElement.csproj", "{AD745D82-D55B-4613-878D-B15B55F21014}"
EndProject
Project("{9A19103F-16F7-4668-BE54-9A1E7A4F7556}") = "04.FastFood", "04.FastFood\04.FastFood.csproj", "{48764EAF-EF6E-4B90-896F-4208FE7E0B01}"
EndProject
Project("{9A19103F-16F7-4668-BE54-9A1E7A4F7556}") = "05.FashionBoutique", "05.FashionBoutique\05.FashionBoutique.csproj", "{86CCAC9B-560D-48A4-9F3F-27F47D984080}"
EndProject
Project("{9A19103F-16F7-4668-BE54-9A1E7A4F7556}") = "06.AutoRepairAndService", "06.AutoRepairAndService\06.AutoRepairAndService.csproj", "{F15EEFA5-DC5A-49E8-B354-BF19AF8A0923}"
EndProject
Project("{9A19103F-16F7-4668-BE54-9A1E7A4F7556}") = "07.TruckTour", "07.TruckTour\07.TruckTour.csproj", "{75D81E95-935C-4818-B0A3-1FD069A16C3F}"
EndProject
Project("{9A19103F-16F7-4668-BE54-9A1E7A4F7556}") = "08.BalancedParenthesis", "08.BalancedParenthesis\08.BalancedParenthesis.csproj", "{EFA18220-EA41-4061-B9C3-289E70EB31AE}"
EndProject
Project("{9A19103F-16F7-4668-BE54-9A1E7A4F7556}") = "09.SimpleTextEditor", "09.SimpleTextEditor\09.SimpleTextEditor.csproj", "{43348129-B8FE-426E-93A4-90DAFD3F2FA0}"
EndProject
Project("{9A19103F-16F7-4668-BE54-9A1E7A4F7556}") = "10.Crossroads", "10.Crossroads\10.Crossroads.csproj", "{2712D372-D747-47D7-8DC4-04738847E590}"
EndProject
Project("{FAE04EC0-301F-11D3-BF4B-00C04F79EFBC}") = "11.KeyRevolver", "11.KeyRevolver\11.KeyRevolver.csproj", "{85E1DE0E-CD2B-4F84-8CB3-2C04767F38A5}"
EndProject
Project("{FAE04EC0-301F-11D3-BF4B-00C04F79EFBC}") = "12.CupsAndBottles", "12.CupsAndBottles\12.CupsAndBottles.csproj", "{62EDDEE4-BA91-4E1C-B6EE-22CB8CFEDE20}"
EndProject
Global
	GlobalSection(SolutionConfigurationPlatforms) = preSolution
		Debug|Any CPU = Debug|Any CPU
		Release|Any CPU = Release|Any CPU
	EndGlobalSection
	GlobalSection(ProjectConfigurationPlatforms) = postSolution
		{AAB2E84E-FF9B-4CEC-AE38-6F3BAEBCD0D4}.Debug|Any CPU.ActiveCfg = Debug|Any CPU
		{AAB2E84E-FF9B-4CEC-AE38-6F3BAEBCD0D4}.Debug|Any CPU.Build.0 = Debug|Any CPU
		{AAB2E84E-FF9B-4CEC-AE38-6F3BAEBCD0D4}.Release|Any CPU.ActiveCfg = Release|Any CPU
		{AAB2E84E-FF9B-4CEC-AE38-6F3BAEBCD0D4}.Release|Any CPU.Build.0 = Release|Any CPU
		{1D6A89A4-8F12-422D-B955-AB9407D00B6D}.Debug|Any CPU.ActiveCfg = Debug|Any CPU
		{1D6A89A4-8F12-422D-B955-AB9407D00B6D}.Debug|Any CPU.Build.0 = Debug|Any CPU
		{1D6A89A4-8F12-422D-B955-AB9407D00B6D}.Release|Any CPU.ActiveCfg = Release|Any CPU
		{1D6A89A4-8F12-422D-B955-AB9407D00B6D}.Release|Any CPU.Build.0 = Release|Any CPU
		{131F875F-2674-4F88-A895-95BF69850693}.Debug|Any CPU.ActiveCfg = Debug|Any CPU
		{131F875F-2674-4F88-A895-95BF69850693}.Debug|Any CPU.Build.0 = Debug|Any CPU
		{131F875F-2674-4F88-A895-95BF69850693}.Release|Any CPU.ActiveCfg = Release|Any CPU
		{131F875F-2674-4F88-A895-95BF69850693}.Release|Any CPU.Build.0 = Release|Any CPU
		{D1E43C76-694B-4F8B-BF37-7643BBD98662}.Debug|Any CPU.ActiveCfg = Debug|Any CPU
		{D1E43C76-694B-4F8B-BF37-7643BBD98662}.Debug|Any CPU.Build.0 = Debug|Any CPU
		{D1E43C76-694B-4F8B-BF37-7643BBD98662}.Release|Any CPU.ActiveCfg = Release|Any CPU
		{D1E43C76-694B-4F8B-BF37-7643BBD98662}.Release|Any CPU.Build.0 = Release|Any CPU
		{D03C8131-4713-4F02-833A-D131F001BFFB}.Debug|Any CPU.ActiveCfg = Debug|Any CPU
		{D03C8131-4713-4F02-833A-D131F001BFFB}.Debug|Any CPU.Build.0 = Debug|Any CPU
		{D03C8131-4713-4F02-833A-D131F001BFFB}.Release|Any CPU.ActiveCfg = Release|Any CPU
		{D03C8131-4713-4F02-833A-D131F001BFFB}.Release|Any CPU.Build.0 = Release|Any CPU
		{3C0722AF-99C6-445D-93C1-E437611F33FF}.Debug|Any CPU.ActiveCfg = Debug|Any CPU
		{3C0722AF-99C6-445D-93C1-E437611F33FF}.Debug|Any CPU.Build.0 = Debug|Any CPU
		{3C0722AF-99C6-445D-93C1-E437611F33FF}.Release|Any CPU.ActiveCfg = Release|Any CPU
		{3C0722AF-99C6-445D-93C1-E437611F33FF}.Release|Any CPU.Build.0 = Release|Any CPU
		{08FBF806-C77D-45FA-866E-1794EA625A71}.Debug|Any CPU.ActiveCfg = Debug|Any CPU
		{08FBF806-C77D-45FA-866E-1794EA625A71}.Debug|Any CPU.Build.0 = Debug|Any CPU
		{08FBF806-C77D-45FA-866E-1794EA625A71}.Release|Any CPU.ActiveCfg = Release|Any CPU
		{08FBF806-C77D-45FA-866E-1794EA625A71}.Release|Any CPU.Build.0 = Release|Any CPU
		{F2076EFF-D3F3-4B15-9105-9700F976D63F}.Debug|Any CPU.ActiveCfg = Debug|Any CPU
		{F2076EFF-D3F3-4B15-9105-9700F976D63F}.Debug|Any CPU.Build.0 = Debug|Any CPU
		{F2076EFF-D3F3-4B15-9105-9700F976D63F}.Release|Any CPU.ActiveCfg = Release|Any CPU
		{F2076EFF-D3F3-4B15-9105-9700F976D63F}.Release|Any CPU.Build.0 = Release|Any CPU
		{614858CA-38A6-4B05-B034-7A16F305B216}.Debug|Any CPU.ActiveCfg = Debug|Any CPU
		{614858CA-38A6-4B05-B034-7A16F305B216}.Debug|Any CPU.Build.0 = Debug|Any CPU
		{614858CA-38A6-4B05-B034-7A16F305B216}.Release|Any CPU.ActiveCfg = Release|Any CPU
		{614858CA-38A6-4B05-B034-7A16F305B216}.Release|Any CPU.Build.0 = Release|Any CPU
		{AD745D82-D55B-4613-878D-B15B55F21014}.Debug|Any CPU.ActiveCfg = Debug|Any CPU
		{AD745D82-D55B-4613-878D-B15B55F21014}.Debug|Any CPU.Build.0 = Debug|Any CPU
		{AD745D82-D55B-4613-878D-B15B55F21014}.Release|Any CPU.ActiveCfg = Release|Any CPU
		{AD745D82-D55B-4613-878D-B15B55F21014}.Release|Any CPU.Build.0 = Release|Any CPU
		{48764EAF-EF6E-4B90-896F-4208FE7E0B01}.Debug|Any CPU.ActiveCfg = Debug|Any CPU
		{48764EAF-EF6E-4B90-896F-4208FE7E0B01}.Debug|Any CPU.Build.0 = Debug|Any CPU
		{48764EAF-EF6E-4B90-896F-4208FE7E0B01}.Release|Any CPU.ActiveCfg = Release|Any CPU
		{48764EAF-EF6E-4B90-896F-4208FE7E0B01}.Release|Any CPU.Build.0 = Release|Any CPU
		{86CCAC9B-560D-48A4-9F3F-27F47D984080}.Debug|Any CPU.ActiveCfg = Debug|Any CPU
		{86CCAC9B-560D-48A4-9F3F-27F47D984080}.Debug|Any CPU.Build.0 = Debug|Any CPU
		{86CCAC9B-560D-48A4-9F3F-27F47D984080}.Release|Any CPU.ActiveCfg = Release|Any CPU
		{86CCAC9B-560D-48A4-9F3F-27F47D984080}.Release|Any CPU.Build.0 = Release|Any CPU
		{F15EEFA5-DC5A-49E8-B354-BF19AF8A0923}.Debug|Any CPU.ActiveCfg = Debug|Any CPU
		{F15EEFA5-DC5A-49E8-B354-BF19AF8A0923}.Debug|Any CPU.Build.0 = Debug|Any CPU
		{F15EEFA5-DC5A-49E8-B354-BF19AF8A0923}.Release|Any CPU.ActiveCfg = Release|Any CPU
		{F15EEFA5-DC5A-49E8-B354-BF19AF8A0923}.Release|Any CPU.Build.0 = Release|Any CPU
		{75D81E95-935C-4818-B0A3-1FD069A16C3F}.Debug|Any CPU.ActiveCfg = Debug|Any CPU
		{75D81E95-935C-4818-B0A3-1FD069A16C3F}.Debug|Any CPU.Build.0 = Debug|Any CPU
		{75D81E95-935C-4818-B0A3-1FD069A16C3F}.Release|Any CPU.ActiveCfg = Release|Any CPU
		{75D81E95-935C-4818-B0A3-1FD069A16C3F}.Release|Any CPU.Build.0 = Release|Any CPU
		{EFA18220-EA41-4061-B9C3-289E70EB31AE}.Debug|Any CPU.ActiveCfg = Debug|Any CPU
		{EFA18220-EA41-4061-B9C3-289E70EB31AE}.Debug|Any CPU.Build.0 = Debug|Any CPU
		{EFA18220-EA41-4061-B9C3-289E70EB31AE}.Release|Any CPU.ActiveCfg = Release|Any CPU
		{EFA18220-EA41-4061-B9C3-289E70EB31AE}.Release|Any CPU.Build.0 = Release|Any CPU
		{43348129-B8FE-426E-93A4-90DAFD3F2FA0}.Debug|Any CPU.ActiveCfg = Debug|Any CPU
		{43348129-B8FE-426E-93A4-90DAFD3F2FA0}.Debug|Any CPU.Build.0 = Debug|Any CPU
		{43348129-B8FE-426E-93A4-90DAFD3F2FA0}.Release|Any CPU.ActiveCfg = Release|Any CPU
		{43348129-B8FE-426E-93A4-90DAFD3F2FA0}.Release|Any CPU.Build.0 = Release|Any CPU
		{2712D372-D747-47D7-8DC4-04738847E590}.Debug|Any CPU.ActiveCfg = Debug|Any CPU
		{2712D372-D747-47D7-8DC4-04738847E590}.Debug|Any CPU.Build.0 = Debug|Any CPU
		{2712D372-D747-47D7-8DC4-04738847E590}.Release|Any CPU.ActiveCfg = Release|Any CPU
		{2712D372-D747-47D7-8DC4-04738847E590}.Release|Any CPU.Build.0 = Release|Any CPU
		{85E1DE0E-CD2B-4F84-8CB3-2C04767F38A5}.Debug|Any CPU.ActiveCfg = Debug|Any CPU
		{85E1DE0E-CD2B-4F84-8CB3-2C04767F38A5}.Debug|Any CPU.Build.0 = Debug|Any CPU
		{85E1DE0E-CD2B-4F84-8CB3-2C04767F38A5}.Release|Any CPU.ActiveCfg = Release|Any CPU
		{85E1DE0E-CD2B-4F84-8CB3-2C04767F38A5}.Release|Any CPU.Build.0 = Release|Any CPU
		{62EDDEE4-BA91-4E1C-B6EE-22CB8CFEDE20}.Debug|Any CPU.ActiveCfg = Debug|Any CPU
		{62EDDEE4-BA91-4E1C-B6EE-22CB8CFEDE20}.Debug|Any CPU.Build.0 = Debug|Any CPU
		{62EDDEE4-BA91-4E1C-B6EE-22CB8CFEDE20}.Release|Any CPU.ActiveCfg = Release|Any CPU
		{62EDDEE4-BA91-4E1C-B6EE-22CB8CFEDE20}.Release|Any CPU.Build.0 = Release|Any CPU
	EndGlobalSection
	GlobalSection(SolutionProperties) = preSolution
		HideSolutionNode = FALSE
	EndGlobalSection
	GlobalSection(NestedProjects) = preSolution
		{AAB2E84E-FF9B-4CEC-AE38-6F3BAEBCD0D4} = {63F36024-8D2C-4187-90E4-8D4E9A72FC88}
		{1D6A89A4-8F12-422D-B955-AB9407D00B6D} = {63F36024-8D2C-4187-90E4-8D4E9A72FC88}
		{131F875F-2674-4F88-A895-95BF69850693} = {63F36024-8D2C-4187-90E4-8D4E9A72FC88}
		{D1E43C76-694B-4F8B-BF37-7643BBD98662} = {63F36024-8D2C-4187-90E4-8D4E9A72FC88}
		{D03C8131-4713-4F02-833A-D131F001BFFB} = {63F36024-8D2C-4187-90E4-8D4E9A72FC88}
		{3C0722AF-99C6-445D-93C1-E437611F33FF} = {63F36024-8D2C-4187-90E4-8D4E9A72FC88}
		{08FBF806-C77D-45FA-866E-1794EA625A71} = {63F36024-8D2C-4187-90E4-8D4E9A72FC88}
		{F2076EFF-D3F3-4B15-9105-9700F976D63F} = {937AC58A-55EE-489F-AA82-9FD64C5AAD88}
		{614858CA-38A6-4B05-B034-7A16F305B216} = {937AC58A-55EE-489F-AA82-9FD64C5AAD88}
		{AD745D82-D55B-4613-878D-B15B55F21014} = {937AC58A-55EE-489F-AA82-9FD64C5AAD88}
		{48764EAF-EF6E-4B90-896F-4208FE7E0B01} = {937AC58A-55EE-489F-AA82-9FD64C5AAD88}
		{86CCAC9B-560D-48A4-9F3F-27F47D984080} = {937AC58A-55EE-489F-AA82-9FD64C5AAD88}
		{F15EEFA5-DC5A-49E8-B354-BF19AF8A0923} = {937AC58A-55EE-489F-AA82-9FD64C5AAD88}
		{75D81E95-935C-4818-B0A3-1FD069A16C3F} = {937AC58A-55EE-489F-AA82-9FD64C5AAD88}
		{EFA18220-EA41-4061-B9C3-289E70EB31AE} = {937AC58A-55EE-489F-AA82-9FD64C5AAD88}
		{43348129-B8FE-426E-93A4-90DAFD3F2FA0} = {937AC58A-55EE-489F-AA82-9FD64C5AAD88}
		{2712D372-D747-47D7-8DC4-04738847E590} = {937AC58A-55EE-489F-AA82-9FD64C5AAD88}
		{85E1DE0E-CD2B-4F84-8CB3-2C04767F38A5} = {937AC58A-55EE-489F-AA82-9FD64C5AAD88}
		{62EDDEE4-BA91-4E1C-B6EE-22CB8CFEDE20} = {937AC58A-55EE-489F-AA82-9FD64C5AAD88}
	EndGlobalSection
	GlobalSection(ExtensibilityGlobals) = postSolution
		SolutionGuid = {C1C7D67F-081A-4C7A-B0A6-82299B9871C5}
	EndGlobalSection
EndGlobal
