
Microsoft Visual Studio Solution File, Format Version 12.00
# Visual Studio 15
VisualStudioVersion = 15.0.28306.52
MinimumVisualStudioVersion = 10.0.40219.1
Project("{9A19103F-16F7-4668-BE54-9A1E7A4F7556}") = "01.Library", "01.Library\01.Library.csproj", "{4D9A5116-0C35-49B6-8D25-1AEE2054AFBD}"
EndProject
Project("{9A19103F-16F7-4668-BE54-9A1E7A4F7556}") = "02.LibraryIterator", "02.LibraryIterator\02.LibraryIterator.csproj", "{7A8FBF8D-2D5D-42B0-9202-0E45D99D08BD}"
EndProject
Project("{9A19103F-16F7-4668-BE54-9A1E7A4F7556}") = "03.ComparableBook", "03.ComparableBook\03.ComparableBook.csproj", "{775D7641-A9E6-45FE-BF22-0B9415B2B7D5}"
EndProject
Project("{FAE04EC0-301F-11D3-BF4B-00C04F79EFBC}") = "04.BookComparer", "04.BookComparer\04.BookComparer.csproj", "{6BA0ED60-730B-43B3-919D-709877EC1B21}"
EndProject
Project("{2150E333-8FDC-42A3-9474-1A3956D46DE8}") = "Lab", "Lab", "{22DF90E0-CE7A-49B3-A6FB-27DE8A5B6779}"
EndProject
Project("{2150E333-8FDC-42A3-9474-1A3956D46DE8}") = "Exercise", "Exercise", "{1F374BEA-F7C9-4F87-9735-A0153C3EE9C3}"
EndProject
Project("{FAE04EC0-301F-11D3-BF4B-00C04F79EFBC}") = "01.ListyIterator", "01.ListyIterator\01.ListyIterator.csproj", "{F9397AA4-794C-4E4C-A2BC-27D300894EA7}"
EndProject
Project("{FAE04EC0-301F-11D3-BF4B-00C04F79EFBC}") = "02.Collection", "02.Collection\02.Collection.csproj", "{EDCDBD23-505B-4140-BA60-FE1DDB3E61DA}"
EndProject
Project("{FAE04EC0-301F-11D3-BF4B-00C04F79EFBC}") = "03.Stack", "03.Stack\03.Stack.csproj", "{B8C5EF59-0C13-4CB6-B321-0746AB4B896E}"
EndProject
Project("{FAE04EC0-301F-11D3-BF4B-00C04F79EFBC}") = "04.Froggy", "04.Froggy\04.Froggy.csproj", "{9B89DF0B-79F2-4A34-9574-AD55369072A1}"
EndProject
Project("{FAE04EC0-301F-11D3-BF4B-00C04F79EFBC}") = "05.ComparingObjects", "05.ComparingObjects\05.ComparingObjects.csproj", "{58F7C7B3-55CD-4AB8-AEC3-FCBEDAC81CBF}"
EndProject
Global
	GlobalSection(SolutionConfigurationPlatforms) = preSolution
		Debug|Any CPU = Debug|Any CPU
		Release|Any CPU = Release|Any CPU
	EndGlobalSection
	GlobalSection(ProjectConfigurationPlatforms) = postSolution
		{4D9A5116-0C35-49B6-8D25-1AEE2054AFBD}.Debug|Any CPU.ActiveCfg = Debug|Any CPU
		{4D9A5116-0C35-49B6-8D25-1AEE2054AFBD}.Debug|Any CPU.Build.0 = Debug|Any CPU
		{4D9A5116-0C35-49B6-8D25-1AEE2054AFBD}.Release|Any CPU.ActiveCfg = Release|Any CPU
		{4D9A5116-0C35-49B6-8D25-1AEE2054AFBD}.Release|Any CPU.Build.0 = Release|Any CPU
		{7A8FBF8D-2D5D-42B0-9202-0E45D99D08BD}.Debug|Any CPU.ActiveCfg = Debug|Any CPU
		{7A8FBF8D-2D5D-42B0-9202-0E45D99D08BD}.Debug|Any CPU.Build.0 = Debug|Any CPU
		{7A8FBF8D-2D5D-42B0-9202-0E45D99D08BD}.Release|Any CPU.ActiveCfg = Release|Any CPU
		{7A8FBF8D-2D5D-42B0-9202-0E45D99D08BD}.Release|Any CPU.Build.0 = Release|Any CPU
		{775D7641-A9E6-45FE-BF22-0B9415B2B7D5}.Debug|Any CPU.ActiveCfg = Debug|Any CPU
		{775D7641-A9E6-45FE-BF22-0B9415B2B7D5}.Debug|Any CPU.Build.0 = Debug|Any CPU
		{775D7641-A9E6-45FE-BF22-0B9415B2B7D5}.Release|Any CPU.ActiveCfg = Release|Any CPU
		{775D7641-A9E6-45FE-BF22-0B9415B2B7D5}.Release|Any CPU.Build.0 = Release|Any CPU
		{6BA0ED60-730B-43B3-919D-709877EC1B21}.Debug|Any CPU.ActiveCfg = Debug|Any CPU
		{6BA0ED60-730B-43B3-919D-709877EC1B21}.Debug|Any CPU.Build.0 = Debug|Any CPU
		{6BA0ED60-730B-43B3-919D-709877EC1B21}.Release|Any CPU.ActiveCfg = Release|Any CPU
		{6BA0ED60-730B-43B3-919D-709877EC1B21}.Release|Any CPU.Build.0 = Release|Any CPU
		{F9397AA4-794C-4E4C-A2BC-27D300894EA7}.Debug|Any CPU.ActiveCfg = Debug|Any CPU
		{F9397AA4-794C-4E4C-A2BC-27D300894EA7}.Debug|Any CPU.Build.0 = Debug|Any CPU
		{F9397AA4-794C-4E4C-A2BC-27D300894EA7}.Release|Any CPU.ActiveCfg = Release|Any CPU
		{F9397AA4-794C-4E4C-A2BC-27D300894EA7}.Release|Any CPU.Build.0 = Release|Any CPU
		{EDCDBD23-505B-4140-BA60-FE1DDB3E61DA}.Debug|Any CPU.ActiveCfg = Debug|Any CPU
		{EDCDBD23-505B-4140-BA60-FE1DDB3E61DA}.Debug|Any CPU.Build.0 = Debug|Any CPU
		{EDCDBD23-505B-4140-BA60-FE1DDB3E61DA}.Release|Any CPU.ActiveCfg = Release|Any CPU
		{EDCDBD23-505B-4140-BA60-FE1DDB3E61DA}.Release|Any CPU.Build.0 = Release|Any CPU
		{B8C5EF59-0C13-4CB6-B321-0746AB4B896E}.Debug|Any CPU.ActiveCfg = Debug|Any CPU
		{B8C5EF59-0C13-4CB6-B321-0746AB4B896E}.Debug|Any CPU.Build.0 = Debug|Any CPU
		{B8C5EF59-0C13-4CB6-B321-0746AB4B896E}.Release|Any CPU.ActiveCfg = Release|Any CPU
		{B8C5EF59-0C13-4CB6-B321-0746AB4B896E}.Release|Any CPU.Build.0 = Release|Any CPU
		{9B89DF0B-79F2-4A34-9574-AD55369072A1}.Debug|Any CPU.ActiveCfg = Debug|Any CPU
		{9B89DF0B-79F2-4A34-9574-AD55369072A1}.Debug|Any CPU.Build.0 = Debug|Any CPU
		{9B89DF0B-79F2-4A34-9574-AD55369072A1}.Release|Any CPU.ActiveCfg = Release|Any CPU
		{9B89DF0B-79F2-4A34-9574-AD55369072A1}.Release|Any CPU.Build.0 = Release|Any CPU
		{58F7C7B3-55CD-4AB8-AEC3-FCBEDAC81CBF}.Debug|Any CPU.ActiveCfg = Debug|Any CPU
		{58F7C7B3-55CD-4AB8-AEC3-FCBEDAC81CBF}.Debug|Any CPU.Build.0 = Debug|Any CPU
		{58F7C7B3-55CD-4AB8-AEC3-FCBEDAC81CBF}.Release|Any CPU.ActiveCfg = Release|Any CPU
		{58F7C7B3-55CD-4AB8-AEC3-FCBEDAC81CBF}.Release|Any CPU.Build.0 = Release|Any CPU
	EndGlobalSection
	GlobalSection(SolutionProperties) = preSolution
		HideSolutionNode = FALSE
	EndGlobalSection
	GlobalSection(NestedProjects) = preSolution
		{4D9A5116-0C35-49B6-8D25-1AEE2054AFBD} = {22DF90E0-CE7A-49B3-A6FB-27DE8A5B6779}
		{7A8FBF8D-2D5D-42B0-9202-0E45D99D08BD} = {22DF90E0-CE7A-49B3-A6FB-27DE8A5B6779}
		{775D7641-A9E6-45FE-BF22-0B9415B2B7D5} = {22DF90E0-CE7A-49B3-A6FB-27DE8A5B6779}
		{6BA0ED60-730B-43B3-919D-709877EC1B21} = {22DF90E0-CE7A-49B3-A6FB-27DE8A5B6779}
		{F9397AA4-794C-4E4C-A2BC-27D300894EA7} = {1F374BEA-F7C9-4F87-9735-A0153C3EE9C3}
		{EDCDBD23-505B-4140-BA60-FE1DDB3E61DA} = {1F374BEA-F7C9-4F87-9735-A0153C3EE9C3}
		{B8C5EF59-0C13-4CB6-B321-0746AB4B896E} = {1F374BEA-F7C9-4F87-9735-A0153C3EE9C3}
		{9B89DF0B-79F2-4A34-9574-AD55369072A1} = {1F374BEA-F7C9-4F87-9735-A0153C3EE9C3}
		{58F7C7B3-55CD-4AB8-AEC3-FCBEDAC81CBF} = {1F374BEA-F7C9-4F87-9735-A0153C3EE9C3}
	EndGlobalSection
	GlobalSection(ExtensibilityGlobals) = postSolution
		SolutionGuid = {4655BCC3-05A8-4A8D-87CF-E50ED363EAA0}
	EndGlobalSection
EndGlobal
