
Microsoft Visual Studio Solution File, Format Version 12.00
# Visual Studio 15
VisualStudioVersion = 15.0.28306.52
MinimumVisualStudioVersion = 10.0.40219.1
Project("{9A19103F-16F7-4668-BE54-9A1E7A4F7556}") = "01.RhombusOfStars", "01.RhombusOfStars\01.RhombusOfStars.csproj", "{5CB867EC-BB50-4D9B-A453-DCBA257C70AD}"
EndProject
Project("{9A19103F-16F7-4668-BE54-9A1E7A4F7556}") = "02.PointInRectangle", "02.PointInRectangle\02.PointInRectangle.csproj", "{8EB77DAA-FF74-4366-ABA7-A2F7DC13903D}"
EndProject
Project("{FAE04EC0-301F-11D3-BF4B-00C04F79EFBC}") = "04.HotelReservation", "04.HotelReservation\04.HotelReservation.csproj", "{7E1E1794-1A12-429A-B1EF-8C3999279529}"
EndProject
Global
	GlobalSection(SolutionConfigurationPlatforms) = preSolution
		Debug|Any CPU = Debug|Any CPU
		Release|Any CPU = Release|Any CPU
	EndGlobalSection
	GlobalSection(ProjectConfigurationPlatforms) = postSolution
		{5CB867EC-BB50-4D9B-A453-DCBA257C70AD}.Debug|Any CPU.ActiveCfg = Debug|Any CPU
		{5CB867EC-BB50-4D9B-A453-DCBA257C70AD}.Debug|Any CPU.Build.0 = Debug|Any CPU
		{5CB867EC-BB50-4D9B-A453-DCBA257C70AD}.Release|Any CPU.ActiveCfg = Release|Any CPU
		{5CB867EC-BB50-4D9B-A453-DCBA257C70AD}.Release|Any CPU.Build.0 = Release|Any CPU
		{8EB77DAA-FF74-4366-ABA7-A2F7DC13903D}.Debug|Any CPU.ActiveCfg = Debug|Any CPU
		{8EB77DAA-FF74-4366-ABA7-A2F7DC13903D}.Debug|Any CPU.Build.0 = Debug|Any CPU
		{8EB77DAA-FF74-4366-ABA7-A2F7DC13903D}.Release|Any CPU.ActiveCfg = Release|Any CPU
		{8EB77DAA-FF74-4366-ABA7-A2F7DC13903D}.Release|Any CPU.Build.0 = Release|Any CPU
		{7E1E1794-1A12-429A-B1EF-8C3999279529}.Debug|Any CPU.ActiveCfg = Debug|Any CPU
		{7E1E1794-1A12-429A-B1EF-8C3999279529}.Debug|Any CPU.Build.0 = Debug|Any CPU
		{7E1E1794-1A12-429A-B1EF-8C3999279529}.Release|Any CPU.ActiveCfg = Release|Any CPU
		{7E1E1794-1A12-429A-B1EF-8C3999279529}.Release|Any CPU.Build.0 = Release|Any CPU
	EndGlobalSection
	GlobalSection(SolutionProperties) = preSolution
		HideSolutionNode = FALSE
	EndGlobalSection
	GlobalSection(ExtensibilityGlobals) = postSolution
		SolutionGuid = {08E35B68-27E7-4908-B199-F35BC3B41737}
	EndGlobalSection
EndGlobal
