
Microsoft Visual Studio Solution File, Format Version 12.00
# Visual Studio 15
VisualStudioVersion = 15.0.28306.52
MinimumVisualStudioVersion = 10.0.40219.1
Project("{9A19103F-16F7-4668-BE54-9A1E7A4F7556}") = "01.SortEvenNumbers", "01.SortEvenNumbers\01.SortEvenNumbers.csproj", "{F0D9E50B-4E08-47F6-BEB2-13B87F13496D}"
EndProject
Project("{9A19103F-16F7-4668-BE54-9A1E7A4F7556}") = "02.SumNumbers", "02.SumNumbers\02.SumNumbers.csproj", "{6EA9B9BF-6AE2-4152-ACC8-D6E50362D5FD}"
EndProject
Project("{9A19103F-16F7-4668-BE54-9A1E7A4F7556}") = "03.CountUppercaseWords", "03.CountUppercaseWords\03.CountUppercaseWords.csproj", "{F9864361-9FE9-4E74-9708-A63DD92788E7}"
EndProject
Project("{9A19103F-16F7-4668-BE54-9A1E7A4F7556}") = "04.AddVAT", "04.AddVAT\04.AddVAT.csproj", "{E038DB45-4C27-44EF-AFB3-1225E0F9EDE2}"
EndProject
Project("{9A19103F-16F7-4668-BE54-9A1E7A4F7556}") = "05.FilterByAge", "05.FilterByAge\05.FilterByAge.csproj", "{196CDF79-CB82-4E76-BB41-DBA4BAD459F2}"
EndProject
Project("{2150E333-8FDC-42A3-9474-1A3956D46DE8}") = "Lab", "Lab", "{CFA41671-88A0-4916-B1F1-BA09361DF043}"
EndProject
Project("{2150E333-8FDC-42A3-9474-1A3956D46DE8}") = "Exercise", "Exercise", "{B3C68BF6-71F4-4D97-AAF2-4D851CD737DF}"
EndProject
Project("{9A19103F-16F7-4668-BE54-9A1E7A4F7556}") = "01.ActionPoint", "01.ActionPoint\01.ActionPoint.csproj", "{C445D72E-4E88-45DE-A5CF-602CC9B7E2C0}"
EndProject
Project("{9A19103F-16F7-4668-BE54-9A1E7A4F7556}") = "02.KnightsOfHonor", "02.KnightsOfHonor\02.KnightsOfHonor.csproj", "{624792A7-2E8F-4A47-A0FA-455F8EE43EFC}"
EndProject
Project("{9A19103F-16F7-4668-BE54-9A1E7A4F7556}") = "03.CustomMinFunction", "03.CustomMinFunction\03.CustomMinFunction.csproj", "{B015043A-9513-4805-B8CD-3B14EFE77DD5}"
EndProject
Project("{9A19103F-16F7-4668-BE54-9A1E7A4F7556}") = "04.FindEvensOrOdds", "04.FindEvensOrOdds\04.FindEvensOrOdds.csproj", "{E57A9A76-7860-417B-8120-891A93C8AFB0}"
EndProject
Project("{9A19103F-16F7-4668-BE54-9A1E7A4F7556}") = "05.AppliedArithmetics", "05.AppliedArithmetics\05.AppliedArithmetics.csproj", "{328ED2BD-2859-409C-9563-82BE35D13E3F}"
EndProject
Project("{9A19103F-16F7-4668-BE54-9A1E7A4F7556}") = "06.ReverseAndExclude", "06.ReverseAndExclude\06.ReverseAndExclude.csproj", "{EEE900C7-C955-4087-9280-D84A87551AC8}"
EndProject
Project("{9A19103F-16F7-4668-BE54-9A1E7A4F7556}") = "07.PredicateForNames", "07.PredicateForNames\07.PredicateForNames.csproj", "{890731F6-DD02-43E3-A438-FF302A944EE2}"
EndProject
Project("{9A19103F-16F7-4668-BE54-9A1E7A4F7556}") = "08.CustomComparator", "08.CustomComparator\08.CustomComparator.csproj", "{E2A6864C-C82D-4A43-8F0B-2EAD12C08D16}"
EndProject
Project("{9A19103F-16F7-4668-BE54-9A1E7A4F7556}") = "09.ListOfPredicates", "09.ListOfPredicates\09.ListOfPredicates.csproj", "{5CFBCE84-E869-4B29-B1B8-DD1C5E9D3EDC}"
EndProject
Project("{9A19103F-16F7-4668-BE54-9A1E7A4F7556}") = "10.PredicateParty", "10.PredicateParty\10.PredicateParty.csproj", "{FF0DA2B9-A0B5-4AB3-8B6E-C895D401EF53}"
EndProject
Project("{9A19103F-16F7-4668-BE54-9A1E7A4F7556}") = "11.PartyReservationFilterModule", "11.PartyReservationFilterModule\11.PartyReservationFilterModule.csproj", "{8938CD4B-F8CB-4B46-9571-D1C407670B26}"
EndProject
Project("{FAE04EC0-301F-11D3-BF4B-00C04F79EFBC}") = "13.TriFunction", "13.TriFunction\13.TriFunction.csproj", "{08943847-33BC-4221-94CD-9FEE13EEB666}"
EndProject
Global
	GlobalSection(SolutionConfigurationPlatforms) = preSolution
		Debug|Any CPU = Debug|Any CPU
		Release|Any CPU = Release|Any CPU
	EndGlobalSection
	GlobalSection(ProjectConfigurationPlatforms) = postSolution
		{F0D9E50B-4E08-47F6-BEB2-13B87F13496D}.Debug|Any CPU.ActiveCfg = Debug|Any CPU
		{F0D9E50B-4E08-47F6-BEB2-13B87F13496D}.Debug|Any CPU.Build.0 = Debug|Any CPU
		{F0D9E50B-4E08-47F6-BEB2-13B87F13496D}.Release|Any CPU.ActiveCfg = Release|Any CPU
		{F0D9E50B-4E08-47F6-BEB2-13B87F13496D}.Release|Any CPU.Build.0 = Release|Any CPU
		{6EA9B9BF-6AE2-4152-ACC8-D6E50362D5FD}.Debug|Any CPU.ActiveCfg = Debug|Any CPU
		{6EA9B9BF-6AE2-4152-ACC8-D6E50362D5FD}.Debug|Any CPU.Build.0 = Debug|Any CPU
		{6EA9B9BF-6AE2-4152-ACC8-D6E50362D5FD}.Release|Any CPU.ActiveCfg = Release|Any CPU
		{6EA9B9BF-6AE2-4152-ACC8-D6E50362D5FD}.Release|Any CPU.Build.0 = Release|Any CPU
		{F9864361-9FE9-4E74-9708-A63DD92788E7}.Debug|Any CPU.ActiveCfg = Debug|Any CPU
		{F9864361-9FE9-4E74-9708-A63DD92788E7}.Debug|Any CPU.Build.0 = Debug|Any CPU
		{F9864361-9FE9-4E74-9708-A63DD92788E7}.Release|Any CPU.ActiveCfg = Release|Any CPU
		{F9864361-9FE9-4E74-9708-A63DD92788E7}.Release|Any CPU.Build.0 = Release|Any CPU
		{E038DB45-4C27-44EF-AFB3-1225E0F9EDE2}.Debug|Any CPU.ActiveCfg = Debug|Any CPU
		{E038DB45-4C27-44EF-AFB3-1225E0F9EDE2}.Debug|Any CPU.Build.0 = Debug|Any CPU
		{E038DB45-4C27-44EF-AFB3-1225E0F9EDE2}.Release|Any CPU.ActiveCfg = Release|Any CPU
		{E038DB45-4C27-44EF-AFB3-1225E0F9EDE2}.Release|Any CPU.Build.0 = Release|Any CPU
		{196CDF79-CB82-4E76-BB41-DBA4BAD459F2}.Debug|Any CPU.ActiveCfg = Debug|Any CPU
		{196CDF79-CB82-4E76-BB41-DBA4BAD459F2}.Debug|Any CPU.Build.0 = Debug|Any CPU
		{196CDF79-CB82-4E76-BB41-DBA4BAD459F2}.Release|Any CPU.ActiveCfg = Release|Any CPU
		{196CDF79-CB82-4E76-BB41-DBA4BAD459F2}.Release|Any CPU.Build.0 = Release|Any CPU
		{C445D72E-4E88-45DE-A5CF-602CC9B7E2C0}.Debug|Any CPU.ActiveCfg = Debug|Any CPU
		{C445D72E-4E88-45DE-A5CF-602CC9B7E2C0}.Debug|Any CPU.Build.0 = Debug|Any CPU
		{C445D72E-4E88-45DE-A5CF-602CC9B7E2C0}.Release|Any CPU.ActiveCfg = Release|Any CPU
		{C445D72E-4E88-45DE-A5CF-602CC9B7E2C0}.Release|Any CPU.Build.0 = Release|Any CPU
		{624792A7-2E8F-4A47-A0FA-455F8EE43EFC}.Debug|Any CPU.ActiveCfg = Debug|Any CPU
		{624792A7-2E8F-4A47-A0FA-455F8EE43EFC}.Debug|Any CPU.Build.0 = Debug|Any CPU
		{624792A7-2E8F-4A47-A0FA-455F8EE43EFC}.Release|Any CPU.ActiveCfg = Release|Any CPU
		{624792A7-2E8F-4A47-A0FA-455F8EE43EFC}.Release|Any CPU.Build.0 = Release|Any CPU
		{B015043A-9513-4805-B8CD-3B14EFE77DD5}.Debug|Any CPU.ActiveCfg = Debug|Any CPU
		{B015043A-9513-4805-B8CD-3B14EFE77DD5}.Debug|Any CPU.Build.0 = Debug|Any CPU
		{B015043A-9513-4805-B8CD-3B14EFE77DD5}.Release|Any CPU.ActiveCfg = Release|Any CPU
		{B015043A-9513-4805-B8CD-3B14EFE77DD5}.Release|Any CPU.Build.0 = Release|Any CPU
		{E57A9A76-7860-417B-8120-891A93C8AFB0}.Debug|Any CPU.ActiveCfg = Debug|Any CPU
		{E57A9A76-7860-417B-8120-891A93C8AFB0}.Debug|Any CPU.Build.0 = Debug|Any CPU
		{E57A9A76-7860-417B-8120-891A93C8AFB0}.Release|Any CPU.ActiveCfg = Release|Any CPU
		{E57A9A76-7860-417B-8120-891A93C8AFB0}.Release|Any CPU.Build.0 = Release|Any CPU
		{328ED2BD-2859-409C-9563-82BE35D13E3F}.Debug|Any CPU.ActiveCfg = Debug|Any CPU
		{328ED2BD-2859-409C-9563-82BE35D13E3F}.Debug|Any CPU.Build.0 = Debug|Any CPU
		{328ED2BD-2859-409C-9563-82BE35D13E3F}.Release|Any CPU.ActiveCfg = Release|Any CPU
		{328ED2BD-2859-409C-9563-82BE35D13E3F}.Release|Any CPU.Build.0 = Release|Any CPU
		{EEE900C7-C955-4087-9280-D84A87551AC8}.Debug|Any CPU.ActiveCfg = Debug|Any CPU
		{EEE900C7-C955-4087-9280-D84A87551AC8}.Debug|Any CPU.Build.0 = Debug|Any CPU
		{EEE900C7-C955-4087-9280-D84A87551AC8}.Release|Any CPU.ActiveCfg = Release|Any CPU
		{EEE900C7-C955-4087-9280-D84A87551AC8}.Release|Any CPU.Build.0 = Release|Any CPU
		{890731F6-DD02-43E3-A438-FF302A944EE2}.Debug|Any CPU.ActiveCfg = Debug|Any CPU
		{890731F6-DD02-43E3-A438-FF302A944EE2}.Debug|Any CPU.Build.0 = Debug|Any CPU
		{890731F6-DD02-43E3-A438-FF302A944EE2}.Release|Any CPU.ActiveCfg = Release|Any CPU
		{890731F6-DD02-43E3-A438-FF302A944EE2}.Release|Any CPU.Build.0 = Release|Any CPU
		{E2A6864C-C82D-4A43-8F0B-2EAD12C08D16}.Debug|Any CPU.ActiveCfg = Debug|Any CPU
		{E2A6864C-C82D-4A43-8F0B-2EAD12C08D16}.Debug|Any CPU.Build.0 = Debug|Any CPU
		{E2A6864C-C82D-4A43-8F0B-2EAD12C08D16}.Release|Any CPU.ActiveCfg = Release|Any CPU
		{E2A6864C-C82D-4A43-8F0B-2EAD12C08D16}.Release|Any CPU.Build.0 = Release|Any CPU
		{5CFBCE84-E869-4B29-B1B8-DD1C5E9D3EDC}.Debug|Any CPU.ActiveCfg = Debug|Any CPU
		{5CFBCE84-E869-4B29-B1B8-DD1C5E9D3EDC}.Debug|Any CPU.Build.0 = Debug|Any CPU
		{5CFBCE84-E869-4B29-B1B8-DD1C5E9D3EDC}.Release|Any CPU.ActiveCfg = Release|Any CPU
		{5CFBCE84-E869-4B29-B1B8-DD1C5E9D3EDC}.Release|Any CPU.Build.0 = Release|Any CPU
		{FF0DA2B9-A0B5-4AB3-8B6E-C895D401EF53}.Debug|Any CPU.ActiveCfg = Debug|Any CPU
		{FF0DA2B9-A0B5-4AB3-8B6E-C895D401EF53}.Debug|Any CPU.Build.0 = Debug|Any CPU
		{FF0DA2B9-A0B5-4AB3-8B6E-C895D401EF53}.Release|Any CPU.ActiveCfg = Release|Any CPU
		{FF0DA2B9-A0B5-4AB3-8B6E-C895D401EF53}.Release|Any CPU.Build.0 = Release|Any CPU
		{8938CD4B-F8CB-4B46-9571-D1C407670B26}.Debug|Any CPU.ActiveCfg = Debug|Any CPU
		{8938CD4B-F8CB-4B46-9571-D1C407670B26}.Debug|Any CPU.Build.0 = Debug|Any CPU
		{8938CD4B-F8CB-4B46-9571-D1C407670B26}.Release|Any CPU.ActiveCfg = Release|Any CPU
		{8938CD4B-F8CB-4B46-9571-D1C407670B26}.Release|Any CPU.Build.0 = Release|Any CPU
		{08943847-33BC-4221-94CD-9FEE13EEB666}.Debug|Any CPU.ActiveCfg = Debug|Any CPU
		{08943847-33BC-4221-94CD-9FEE13EEB666}.Debug|Any CPU.Build.0 = Debug|Any CPU
		{08943847-33BC-4221-94CD-9FEE13EEB666}.Release|Any CPU.ActiveCfg = Release|Any CPU
		{08943847-33BC-4221-94CD-9FEE13EEB666}.Release|Any CPU.Build.0 = Release|Any CPU
	EndGlobalSection
	GlobalSection(SolutionProperties) = preSolution
		HideSolutionNode = FALSE
	EndGlobalSection
	GlobalSection(NestedProjects) = preSolution
		{F0D9E50B-4E08-47F6-BEB2-13B87F13496D} = {CFA41671-88A0-4916-B1F1-BA09361DF043}
		{6EA9B9BF-6AE2-4152-ACC8-D6E50362D5FD} = {CFA41671-88A0-4916-B1F1-BA09361DF043}
		{F9864361-9FE9-4E74-9708-A63DD92788E7} = {CFA41671-88A0-4916-B1F1-BA09361DF043}
		{E038DB45-4C27-44EF-AFB3-1225E0F9EDE2} = {CFA41671-88A0-4916-B1F1-BA09361DF043}
		{196CDF79-CB82-4E76-BB41-DBA4BAD459F2} = {CFA41671-88A0-4916-B1F1-BA09361DF043}
		{C445D72E-4E88-45DE-A5CF-602CC9B7E2C0} = {B3C68BF6-71F4-4D97-AAF2-4D851CD737DF}
		{624792A7-2E8F-4A47-A0FA-455F8EE43EFC} = {B3C68BF6-71F4-4D97-AAF2-4D851CD737DF}
		{B015043A-9513-4805-B8CD-3B14EFE77DD5} = {B3C68BF6-71F4-4D97-AAF2-4D851CD737DF}
		{E57A9A76-7860-417B-8120-891A93C8AFB0} = {B3C68BF6-71F4-4D97-AAF2-4D851CD737DF}
		{328ED2BD-2859-409C-9563-82BE35D13E3F} = {B3C68BF6-71F4-4D97-AAF2-4D851CD737DF}
		{EEE900C7-C955-4087-9280-D84A87551AC8} = {B3C68BF6-71F4-4D97-AAF2-4D851CD737DF}
		{890731F6-DD02-43E3-A438-FF302A944EE2} = {B3C68BF6-71F4-4D97-AAF2-4D851CD737DF}
		{E2A6864C-C82D-4A43-8F0B-2EAD12C08D16} = {B3C68BF6-71F4-4D97-AAF2-4D851CD737DF}
		{5CFBCE84-E869-4B29-B1B8-DD1C5E9D3EDC} = {B3C68BF6-71F4-4D97-AAF2-4D851CD737DF}
		{FF0DA2B9-A0B5-4AB3-8B6E-C895D401EF53} = {B3C68BF6-71F4-4D97-AAF2-4D851CD737DF}
		{8938CD4B-F8CB-4B46-9571-D1C407670B26} = {B3C68BF6-71F4-4D97-AAF2-4D851CD737DF}
		{08943847-33BC-4221-94CD-9FEE13EEB666} = {B3C68BF6-71F4-4D97-AAF2-4D851CD737DF}
	EndGlobalSection
	GlobalSection(ExtensibilityGlobals) = postSolution
		SolutionGuid = {BB11FCD6-896C-44D4-A833-FE1F5BAC53C1}
	EndGlobalSection
EndGlobal
