
Microsoft Visual Studio Solution File, Format Version 12.00
# Visual Studio 15
VisualStudioVersion = 15.0.28307.271
MinimumVisualStudioVersion = 10.0.40219.1
Project("{FAE04EC0-301F-11D3-BF4B-00C04F79EFBC}") = "Vehicle", "Vehicle\Vehicle.csproj", "{39016050-CB70-4EB1-814C-8AA0F070C853}"
EndProject
Project("{FAE04EC0-301F-11D3-BF4B-00C04F79EFBC}") = "VehiclesExtension", "VehiclesExtension\VehiclesExtension.csproj", "{7F95C2BF-4BBC-46DC-9990-7519CEB3A450}"
EndProject
Project("{FAE04EC0-301F-11D3-BF4B-00C04F79EFBC}") = "WildFarm", "WildFarm\WildFarm.csproj", "{CEB76120-C42E-4737-853C-01CE6250B1F0}"
EndProject
Global
	GlobalSection(SolutionConfigurationPlatforms) = preSolution
		Debug|Any CPU = Debug|Any CPU
		Release|Any CPU = Release|Any CPU
	EndGlobalSection
	GlobalSection(ProjectConfigurationPlatforms) = postSolution
		{39016050-CB70-4EB1-814C-8AA0F070C853}.Debug|Any CPU.ActiveCfg = Debug|Any CPU
		{39016050-CB70-4EB1-814C-8AA0F070C853}.Debug|Any CPU.Build.0 = Debug|Any CPU
		{39016050-CB70-4EB1-814C-8AA0F070C853}.Release|Any CPU.ActiveCfg = Release|Any CPU
		{39016050-CB70-4EB1-814C-8AA0F070C853}.Release|Any CPU.Build.0 = Release|Any CPU
		{7F95C2BF-4BBC-46DC-9990-7519CEB3A450}.Debug|Any CPU.ActiveCfg = Debug|Any CPU
		{7F95C2BF-4BBC-46DC-9990-7519CEB3A450}.Debug|Any CPU.Build.0 = Debug|Any CPU
		{7F95C2BF-4BBC-46DC-9990-7519CEB3A450}.Release|Any CPU.ActiveCfg = Release|Any CPU
		{7F95C2BF-4BBC-46DC-9990-7519CEB3A450}.Release|Any CPU.Build.0 = Release|Any CPU
		{CEB76120-C42E-4737-853C-01CE6250B1F0}.Debug|Any CPU.ActiveCfg = Debug|Any CPU
		{CEB76120-C42E-4737-853C-01CE6250B1F0}.Debug|Any CPU.Build.0 = Debug|Any CPU
		{CEB76120-C42E-4737-853C-01CE6250B1F0}.Release|Any CPU.ActiveCfg = Release|Any CPU
		{CEB76120-C42E-4737-853C-01CE6250B1F0}.Release|Any CPU.Build.0 = Release|Any CPU
	EndGlobalSection
	GlobalSection(SolutionProperties) = preSolution
		HideSolutionNode = FALSE
	EndGlobalSection
	GlobalSection(ExtensibilityGlobals) = postSolution
		SolutionGuid = {96BBCFC0-0760-4AC8-8C6E-82386BDE012E}
	EndGlobalSection
EndGlobal
