
Microsoft Visual Studio Solution File, Format Version 12.00
# Visual Studio 15
VisualStudioVersion = 15.0.28306.52
MinimumVisualStudioVersion = 10.0.40219.1
Project("{9A19103F-16F7-4668-BE54-9A1E7A4F7556}") = "01.BasicStackOperations", "01.BasicStackOperations\01.BasicStackOperations.csproj", "{DBB05A79-EFFF-47CF-B3F5-01D703345612}"
EndProject
Project("{9A19103F-16F7-4668-BE54-9A1E7A4F7556}") = "02.BasicQueueOperations", "02.BasicQueueOperations\02.BasicQueueOperations.csproj", "{E848A090-85EE-4A88-A110-7F49D602475E}"
EndProject
Project("{9A19103F-16F7-4668-BE54-9A1E7A4F7556}") = "03.MaximumAndMinimumElement", "03.MaximumAndMinimumElement\03.MaximumAndMinimumElement.csproj", "{BF43A2EE-A870-4C9D-9937-76B9D761CCDA}"
EndProject
Project("{9A19103F-16F7-4668-BE54-9A1E7A4F7556}") = "04.FastFood", "04.FastFood\04.FastFood.csproj", "{6A7C4382-07AE-496A-A38B-E487FC8D8E1E}"
EndProject
Project("{9A19103F-16F7-4668-BE54-9A1E7A4F7556}") = "05.FashionBoutique", "05.FashionBoutique\05.FashionBoutique.csproj", "{8F7F40CA-A2B1-4B5C-89EC-B55F87F272AD}"
EndProject
Project("{9A19103F-16F7-4668-BE54-9A1E7A4F7556}") = "06.AutoRepairAndService", "06.AutoRepairAndService\06.AutoRepairAndService.csproj", "{63B562CC-1F7E-4982-AAF6-8935C9951E5A}"
EndProject
Project("{9A19103F-16F7-4668-BE54-9A1E7A4F7556}") = "07.TruckTour", "07.TruckTour\07.TruckTour.csproj", "{E015AE38-846A-4C0B-9012-916CF17624B7}"
EndProject
Project("{9A19103F-16F7-4668-BE54-9A1E7A4F7556}") = "08.BalancedParentheses", "08.BalancedParentheses\08.BalancedParentheses.csproj", "{4A557AB9-DFA2-4705-8DE3-48776D0A8103}"
EndProject
Project("{9A19103F-16F7-4668-BE54-9A1E7A4F7556}") = "09.SimpleTextEditor", "09.SimpleTextEditor\09.SimpleTextEditor.csproj", "{50FA5688-2D47-40AE-BF43-3997B1C3B2E8}"
EndProject
Project("{9A19103F-16F7-4668-BE54-9A1E7A4F7556}") = "10.Crossroads", "10.Crossroads\10.Crossroads.csproj", "{BF5A6DCB-3F74-4B0D-8AF2-73DF46D62E52}"
EndProject
Project("{9A19103F-16F7-4668-BE54-9A1E7A4F7556}") = "11.KeyRevolver", "11.KeyRevolver\11.KeyRevolver.csproj", "{07E94A09-7B3D-4D53-9F46-ED1F9EB7C67F}"
EndProject
Project("{9A19103F-16F7-4668-BE54-9A1E7A4F7556}") = "12.CupsAndBottles", "12.CupsAndBottles\12.CupsAndBottles.csproj", "{8C6ED211-E538-47C1-B848-12C19C462742}"
EndProject
Project("{2150E333-8FDC-42A3-9474-1A3956D46DE8}") = "Exercise", "Exercise", "{CD2D47F3-E9DA-48CB-AA50-0B86D87C1E8F}"
EndProject
Project("{9A19103F-16F7-4668-BE54-9A1E7A4F7556}") = "01.ReverseStrings", "01.ReverseStrings\01.ReverseStrings.csproj", "{006AFD84-BBFA-43D3-9687-7215532296EC}"
EndProject
Project("{9A19103F-16F7-4668-BE54-9A1E7A4F7556}") = "02.StackSum", "02.StackSum\02.StackSum.csproj", "{3B902A5D-3E04-4B66-911A-D4B1956E785E}"
EndProject
Project("{9A19103F-16F7-4668-BE54-9A1E7A4F7556}") = "03.SimpleCalculator", "03.SimpleCalculator\03.SimpleCalculator.csproj", "{F0880126-B469-48F1-8480-F96B8BB7AFA8}"
EndProject
Project("{9A19103F-16F7-4668-BE54-9A1E7A4F7556}") = "04.MatchingBrackets", "04.MatchingBrackets\04.MatchingBrackets.csproj", "{2D0604BA-041F-46FA-B72E-C5E46BE7F6CE}"
EndProject
Project("{9A19103F-16F7-4668-BE54-9A1E7A4F7556}") = "05.PrintEvenNumbers", "05.PrintEvenNumbers\05.PrintEvenNumbers.csproj", "{DC0A03A6-D578-42AD-8663-376C7718B084}"
EndProject
Project("{9A19103F-16F7-4668-BE54-9A1E7A4F7556}") = "06.Supermarket", "06.Supermarket\06.Supermarket.csproj", "{AE508AE9-3C4D-4E59-96BB-D0B7F68C26E8}"
EndProject
Project("{9A19103F-16F7-4668-BE54-9A1E7A4F7556}") = "07.HotPotato", "06.HotPotato\07.HotPotato.csproj", "{620607B1-16DD-46E8-A6B3-33FA4DA0FC43}"
EndProject
Project("{9A19103F-16F7-4668-BE54-9A1E7A4F7556}") = "07.TrafficJam", "07.TrafficJam\07.TrafficJam.csproj", "{22D9A2B4-2624-441A-BB05-43D5183967A3}"
EndProject
Project("{2150E333-8FDC-42A3-9474-1A3956D46DE8}") = "Lab", "Lab", "{32C350CC-BDC4-4B0B-A7E5-AACC9C5A0C2C}"
EndProject
Global
	GlobalSection(SolutionConfigurationPlatforms) = preSolution
		Debug|Any CPU = Debug|Any CPU
		Release|Any CPU = Release|Any CPU
	EndGlobalSection
	GlobalSection(ProjectConfigurationPlatforms) = postSolution
		{DBB05A79-EFFF-47CF-B3F5-01D703345612}.Debug|Any CPU.ActiveCfg = Debug|Any CPU
		{DBB05A79-EFFF-47CF-B3F5-01D703345612}.Debug|Any CPU.Build.0 = Debug|Any CPU
		{DBB05A79-EFFF-47CF-B3F5-01D703345612}.Release|Any CPU.ActiveCfg = Release|Any CPU
		{DBB05A79-EFFF-47CF-B3F5-01D703345612}.Release|Any CPU.Build.0 = Release|Any CPU
		{E848A090-85EE-4A88-A110-7F49D602475E}.Debug|Any CPU.ActiveCfg = Debug|Any CPU
		{E848A090-85EE-4A88-A110-7F49D602475E}.Debug|Any CPU.Build.0 = Debug|Any CPU
		{E848A090-85EE-4A88-A110-7F49D602475E}.Release|Any CPU.ActiveCfg = Release|Any CPU
		{E848A090-85EE-4A88-A110-7F49D602475E}.Release|Any CPU.Build.0 = Release|Any CPU
		{BF43A2EE-A870-4C9D-9937-76B9D761CCDA}.Debug|Any CPU.ActiveCfg = Debug|Any CPU
		{BF43A2EE-A870-4C9D-9937-76B9D761CCDA}.Debug|Any CPU.Build.0 = Debug|Any CPU
		{BF43A2EE-A870-4C9D-9937-76B9D761CCDA}.Release|Any CPU.ActiveCfg = Release|Any CPU
		{BF43A2EE-A870-4C9D-9937-76B9D761CCDA}.Release|Any CPU.Build.0 = Release|Any CPU
		{6A7C4382-07AE-496A-A38B-E487FC8D8E1E}.Debug|Any CPU.ActiveCfg = Debug|Any CPU
		{6A7C4382-07AE-496A-A38B-E487FC8D8E1E}.Debug|Any CPU.Build.0 = Debug|Any CPU
		{6A7C4382-07AE-496A-A38B-E487FC8D8E1E}.Release|Any CPU.ActiveCfg = Release|Any CPU
		{6A7C4382-07AE-496A-A38B-E487FC8D8E1E}.Release|Any CPU.Build.0 = Release|Any CPU
		{8F7F40CA-A2B1-4B5C-89EC-B55F87F272AD}.Debug|Any CPU.ActiveCfg = Debug|Any CPU
		{8F7F40CA-A2B1-4B5C-89EC-B55F87F272AD}.Debug|Any CPU.Build.0 = Debug|Any CPU
		{8F7F40CA-A2B1-4B5C-89EC-B55F87F272AD}.Release|Any CPU.ActiveCfg = Release|Any CPU
		{8F7F40CA-A2B1-4B5C-89EC-B55F87F272AD}.Release|Any CPU.Build.0 = Release|Any CPU
		{63B562CC-1F7E-4982-AAF6-8935C9951E5A}.Debug|Any CPU.ActiveCfg = Debug|Any CPU
		{63B562CC-1F7E-4982-AAF6-8935C9951E5A}.Debug|Any CPU.Build.0 = Debug|Any CPU
		{63B562CC-1F7E-4982-AAF6-8935C9951E5A}.Release|Any CPU.ActiveCfg = Release|Any CPU
		{63B562CC-1F7E-4982-AAF6-8935C9951E5A}.Release|Any CPU.Build.0 = Release|Any CPU
		{E015AE38-846A-4C0B-9012-916CF17624B7}.Debug|Any CPU.ActiveCfg = Debug|Any CPU
		{E015AE38-846A-4C0B-9012-916CF17624B7}.Debug|Any CPU.Build.0 = Debug|Any CPU
		{E015AE38-846A-4C0B-9012-916CF17624B7}.Release|Any CPU.ActiveCfg = Release|Any CPU
		{E015AE38-846A-4C0B-9012-916CF17624B7}.Release|Any CPU.Build.0 = Release|Any CPU
		{4A557AB9-DFA2-4705-8DE3-48776D0A8103}.Debug|Any CPU.ActiveCfg = Debug|Any CPU
		{4A557AB9-DFA2-4705-8DE3-48776D0A8103}.Debug|Any CPU.Build.0 = Debug|Any CPU
		{4A557AB9-DFA2-4705-8DE3-48776D0A8103}.Release|Any CPU.ActiveCfg = Release|Any CPU
		{4A557AB9-DFA2-4705-8DE3-48776D0A8103}.Release|Any CPU.Build.0 = Release|Any CPU
		{50FA5688-2D47-40AE-BF43-3997B1C3B2E8}.Debug|Any CPU.ActiveCfg = Debug|Any CPU
		{50FA5688-2D47-40AE-BF43-3997B1C3B2E8}.Debug|Any CPU.Build.0 = Debug|Any CPU
		{50FA5688-2D47-40AE-BF43-3997B1C3B2E8}.Release|Any CPU.ActiveCfg = Release|Any CPU
		{50FA5688-2D47-40AE-BF43-3997B1C3B2E8}.Release|Any CPU.Build.0 = Release|Any CPU
		{BF5A6DCB-3F74-4B0D-8AF2-73DF46D62E52}.Debug|Any CPU.ActiveCfg = Debug|Any CPU
		{BF5A6DCB-3F74-4B0D-8AF2-73DF46D62E52}.Debug|Any CPU.Build.0 = Debug|Any CPU
		{BF5A6DCB-3F74-4B0D-8AF2-73DF46D62E52}.Release|Any CPU.ActiveCfg = Release|Any CPU
		{BF5A6DCB-3F74-4B0D-8AF2-73DF46D62E52}.Release|Any CPU.Build.0 = Release|Any CPU
		{07E94A09-7B3D-4D53-9F46-ED1F9EB7C67F}.Debug|Any CPU.ActiveCfg = Debug|Any CPU
		{07E94A09-7B3D-4D53-9F46-ED1F9EB7C67F}.Debug|Any CPU.Build.0 = Debug|Any CPU
		{07E94A09-7B3D-4D53-9F46-ED1F9EB7C67F}.Release|Any CPU.ActiveCfg = Release|Any CPU
		{07E94A09-7B3D-4D53-9F46-ED1F9EB7C67F}.Release|Any CPU.Build.0 = Release|Any CPU
		{8C6ED211-E538-47C1-B848-12C19C462742}.Debug|Any CPU.ActiveCfg = Debug|Any CPU
		{8C6ED211-E538-47C1-B848-12C19C462742}.Debug|Any CPU.Build.0 = Debug|Any CPU
		{8C6ED211-E538-47C1-B848-12C19C462742}.Release|Any CPU.ActiveCfg = Release|Any CPU
		{8C6ED211-E538-47C1-B848-12C19C462742}.Release|Any CPU.Build.0 = Release|Any CPU
		{006AFD84-BBFA-43D3-9687-7215532296EC}.Debug|Any CPU.ActiveCfg = Debug|Any CPU
		{006AFD84-BBFA-43D3-9687-7215532296EC}.Debug|Any CPU.Build.0 = Debug|Any CPU
		{006AFD84-BBFA-43D3-9687-7215532296EC}.Release|Any CPU.ActiveCfg = Release|Any CPU
		{006AFD84-BBFA-43D3-9687-7215532296EC}.Release|Any CPU.Build.0 = Release|Any CPU
		{3B902A5D-3E04-4B66-911A-D4B1956E785E}.Debug|Any CPU.ActiveCfg = Debug|Any CPU
		{3B902A5D-3E04-4B66-911A-D4B1956E785E}.Debug|Any CPU.Build.0 = Debug|Any CPU
		{3B902A5D-3E04-4B66-911A-D4B1956E785E}.Release|Any CPU.ActiveCfg = Release|Any CPU
		{3B902A5D-3E04-4B66-911A-D4B1956E785E}.Release|Any CPU.Build.0 = Release|Any CPU
		{F0880126-B469-48F1-8480-F96B8BB7AFA8}.Debug|Any CPU.ActiveCfg = Debug|Any CPU
		{F0880126-B469-48F1-8480-F96B8BB7AFA8}.Debug|Any CPU.Build.0 = Debug|Any CPU
		{F0880126-B469-48F1-8480-F96B8BB7AFA8}.Release|Any CPU.ActiveCfg = Release|Any CPU
		{F0880126-B469-48F1-8480-F96B8BB7AFA8}.Release|Any CPU.Build.0 = Release|Any CPU
		{2D0604BA-041F-46FA-B72E-C5E46BE7F6CE}.Debug|Any CPU.ActiveCfg = Debug|Any CPU
		{2D0604BA-041F-46FA-B72E-C5E46BE7F6CE}.Debug|Any CPU.Build.0 = Debug|Any CPU
		{2D0604BA-041F-46FA-B72E-C5E46BE7F6CE}.Release|Any CPU.ActiveCfg = Release|Any CPU
		{2D0604BA-041F-46FA-B72E-C5E46BE7F6CE}.Release|Any CPU.Build.0 = Release|Any CPU
		{DC0A03A6-D578-42AD-8663-376C7718B084}.Debug|Any CPU.ActiveCfg = Debug|Any CPU
		{DC0A03A6-D578-42AD-8663-376C7718B084}.Debug|Any CPU.Build.0 = Debug|Any CPU
		{DC0A03A6-D578-42AD-8663-376C7718B084}.Release|Any CPU.ActiveCfg = Release|Any CPU
		{DC0A03A6-D578-42AD-8663-376C7718B084}.Release|Any CPU.Build.0 = Release|Any CPU
		{AE508AE9-3C4D-4E59-96BB-D0B7F68C26E8}.Debug|Any CPU.ActiveCfg = Debug|Any CPU
		{AE508AE9-3C4D-4E59-96BB-D0B7F68C26E8}.Debug|Any CPU.Build.0 = Debug|Any CPU
		{AE508AE9-3C4D-4E59-96BB-D0B7F68C26E8}.Release|Any CPU.ActiveCfg = Release|Any CPU
		{AE508AE9-3C4D-4E59-96BB-D0B7F68C26E8}.Release|Any CPU.Build.0 = Release|Any CPU
		{620607B1-16DD-46E8-A6B3-33FA4DA0FC43}.Debug|Any CPU.ActiveCfg = Debug|Any CPU
		{620607B1-16DD-46E8-A6B3-33FA4DA0FC43}.Debug|Any CPU.Build.0 = Debug|Any CPU
		{620607B1-16DD-46E8-A6B3-33FA4DA0FC43}.Release|Any CPU.ActiveCfg = Release|Any CPU
		{620607B1-16DD-46E8-A6B3-33FA4DA0FC43}.Release|Any CPU.Build.0 = Release|Any CPU
		{22D9A2B4-2624-441A-BB05-43D5183967A3}.Debug|Any CPU.ActiveCfg = Debug|Any CPU
		{22D9A2B4-2624-441A-BB05-43D5183967A3}.Debug|Any CPU.Build.0 = Debug|Any CPU
		{22D9A2B4-2624-441A-BB05-43D5183967A3}.Release|Any CPU.ActiveCfg = Release|Any CPU
		{22D9A2B4-2624-441A-BB05-43D5183967A3}.Release|Any CPU.Build.0 = Release|Any CPU
	EndGlobalSection
	GlobalSection(SolutionProperties) = preSolution
		HideSolutionNode = FALSE
	EndGlobalSection
	GlobalSection(NestedProjects) = preSolution
		{DBB05A79-EFFF-47CF-B3F5-01D703345612} = {CD2D47F3-E9DA-48CB-AA50-0B86D87C1E8F}
		{E848A090-85EE-4A88-A110-7F49D602475E} = {CD2D47F3-E9DA-48CB-AA50-0B86D87C1E8F}
		{BF43A2EE-A870-4C9D-9937-76B9D761CCDA} = {CD2D47F3-E9DA-48CB-AA50-0B86D87C1E8F}
		{6A7C4382-07AE-496A-A38B-E487FC8D8E1E} = {CD2D47F3-E9DA-48CB-AA50-0B86D87C1E8F}
		{8F7F40CA-A2B1-4B5C-89EC-B55F87F272AD} = {CD2D47F3-E9DA-48CB-AA50-0B86D87C1E8F}
		{63B562CC-1F7E-4982-AAF6-8935C9951E5A} = {CD2D47F3-E9DA-48CB-AA50-0B86D87C1E8F}
		{E015AE38-846A-4C0B-9012-916CF17624B7} = {CD2D47F3-E9DA-48CB-AA50-0B86D87C1E8F}
		{4A557AB9-DFA2-4705-8DE3-48776D0A8103} = {CD2D47F3-E9DA-48CB-AA50-0B86D87C1E8F}
		{50FA5688-2D47-40AE-BF43-3997B1C3B2E8} = {CD2D47F3-E9DA-48CB-AA50-0B86D87C1E8F}
		{BF5A6DCB-3F74-4B0D-8AF2-73DF46D62E52} = {CD2D47F3-E9DA-48CB-AA50-0B86D87C1E8F}
		{07E94A09-7B3D-4D53-9F46-ED1F9EB7C67F} = {CD2D47F3-E9DA-48CB-AA50-0B86D87C1E8F}
		{8C6ED211-E538-47C1-B848-12C19C462742} = {CD2D47F3-E9DA-48CB-AA50-0B86D87C1E8F}
		{006AFD84-BBFA-43D3-9687-7215532296EC} = {32C350CC-BDC4-4B0B-A7E5-AACC9C5A0C2C}
		{3B902A5D-3E04-4B66-911A-D4B1956E785E} = {32C350CC-BDC4-4B0B-A7E5-AACC9C5A0C2C}
		{F0880126-B469-48F1-8480-F96B8BB7AFA8} = {32C350CC-BDC4-4B0B-A7E5-AACC9C5A0C2C}
		{2D0604BA-041F-46FA-B72E-C5E46BE7F6CE} = {32C350CC-BDC4-4B0B-A7E5-AACC9C5A0C2C}
		{DC0A03A6-D578-42AD-8663-376C7718B084} = {32C350CC-BDC4-4B0B-A7E5-AACC9C5A0C2C}
		{AE508AE9-3C4D-4E59-96BB-D0B7F68C26E8} = {32C350CC-BDC4-4B0B-A7E5-AACC9C5A0C2C}
		{620607B1-16DD-46E8-A6B3-33FA4DA0FC43} = {32C350CC-BDC4-4B0B-A7E5-AACC9C5A0C2C}
		{22D9A2B4-2624-441A-BB05-43D5183967A3} = {32C350CC-BDC4-4B0B-A7E5-AACC9C5A0C2C}
	EndGlobalSection
	GlobalSection(ExtensibilityGlobals) = postSolution
		SolutionGuid = {43E5A76E-3A84-4724-ACC5-418462FBC892}
	EndGlobalSection
EndGlobal
