
Microsoft Visual Studio Solution File, Format Version 12.00
# Visual Studio 15
VisualStudioVersion = 15.0.28306.52
MinimumVisualStudioVersion = 10.0.40219.1
Project("{9A19103F-16F7-4668-BE54-9A1E7A4F7556}") = "01.ChristmasSpirit", "01.ChristmasSpirit\01.ChristmasSpirit.csproj", "{C8A37054-891F-4F67-80FB-331ED6A73AAB}"
EndProject
Project("{FAE04EC0-301F-11D3-BF4B-00C04F79EFBC}") = "02.SantasList", "02.SantasList\02.SantasList.csproj", "{3ACD9C62-B5FC-4DE8-8868-D395BAD004CE}"
EndProject
Project("{FAE04EC0-301F-11D3-BF4B-00C04F79EFBC}") = "03.PresentDelivery", "03.PresentDelivery\03.PresentDelivery.csproj", "{92661D63-0448-4B6B-8975-5581DD32C932}"
EndProject
Global
	GlobalSection(SolutionConfigurationPlatforms) = preSolution
		Debug|Any CPU = Debug|Any CPU
		Release|Any CPU = Release|Any CPU
	EndGlobalSection
	GlobalSection(ProjectConfigurationPlatforms) = postSolution
		{C8A37054-891F-4F67-80FB-331ED6A73AAB}.Debug|Any CPU.ActiveCfg = Debug|Any CPU
		{C8A37054-891F-4F67-80FB-331ED6A73AAB}.Debug|Any CPU.Build.0 = Debug|Any CPU
		{C8A37054-891F-4F67-80FB-331ED6A73AAB}.Release|Any CPU.ActiveCfg = Release|Any CPU
		{C8A37054-891F-4F67-80FB-331ED6A73AAB}.Release|Any CPU.Build.0 = Release|Any CPU
		{3ACD9C62-B5FC-4DE8-8868-D395BAD004CE}.Debug|Any CPU.ActiveCfg = Debug|Any CPU
		{3ACD9C62-B5FC-4DE8-8868-D395BAD004CE}.Debug|Any CPU.Build.0 = Debug|Any CPU
		{3ACD9C62-B5FC-4DE8-8868-D395BAD004CE}.Release|Any CPU.ActiveCfg = Release|Any CPU
		{3ACD9C62-B5FC-4DE8-8868-D395BAD004CE}.Release|Any CPU.Build.0 = Release|Any CPU
		{92661D63-0448-4B6B-8975-5581DD32C932}.Debug|Any CPU.ActiveCfg = Debug|Any CPU
		{92661D63-0448-4B6B-8975-5581DD32C932}.Debug|Any CPU.Build.0 = Debug|Any CPU
		{92661D63-0448-4B6B-8975-5581DD32C932}.Release|Any CPU.ActiveCfg = Release|Any CPU
		{92661D63-0448-4B6B-8975-5581DD32C932}.Release|Any CPU.Build.0 = Release|Any CPU
	EndGlobalSection
	GlobalSection(SolutionProperties) = preSolution
		HideSolutionNode = FALSE
	EndGlobalSection
	GlobalSection(ExtensibilityGlobals) = postSolution
		SolutionGuid = {DCC2A127-75B6-4D10-BF95-2546293E815A}
	EndGlobalSection
EndGlobal
