
Microsoft Visual Studio Solution File, Format Version 12.00
# Visual Studio 15
VisualStudioVersion = 15.0.28306.52
MinimumVisualStudioVersion = 10.0.40219.1
Project("{9A19103F-16F7-4668-BE54-9A1E7A4F7556}") = "02.PracticeSessions", "02.PracticeSessions\02.PracticeSessions.csproj", "{2C2D8EFC-EBCB-401F-92CD-F4273B7580B2}"
EndProject
Project("{9A19103F-16F7-4668-BE54-9A1E7A4F7556}") = "01.TheIsleOfManTTRace", "01.TheIsleOfManTTRace\01.TheIsleOfManTTRace.csproj", "{247BD7D6-CB4F-4510-B2BA-7A53F06FABC1}"
EndProject
Global
	GlobalSection(SolutionConfigurationPlatforms) = preSolution
		Debug|Any CPU = Debug|Any CPU
		Release|Any CPU = Release|Any CPU
	EndGlobalSection
	GlobalSection(ProjectConfigurationPlatforms) = postSolution
		{2C2D8EFC-EBCB-401F-92CD-F4273B7580B2}.Debug|Any CPU.ActiveCfg = Debug|Any CPU
		{2C2D8EFC-EBCB-401F-92CD-F4273B7580B2}.Debug|Any CPU.Build.0 = Debug|Any CPU
		{2C2D8EFC-EBCB-401F-92CD-F4273B7580B2}.Release|Any CPU.ActiveCfg = Release|Any CPU
		{2C2D8EFC-EBCB-401F-92CD-F4273B7580B2}.Release|Any CPU.Build.0 = Release|Any CPU
		{247BD7D6-CB4F-4510-B2BA-7A53F06FABC1}.Debug|Any CPU.ActiveCfg = Debug|Any CPU
		{247BD7D6-CB4F-4510-B2BA-7A53F06FABC1}.Debug|Any CPU.Build.0 = Debug|Any CPU
		{247BD7D6-CB4F-4510-B2BA-7A53F06FABC1}.Release|Any CPU.ActiveCfg = Release|Any CPU
		{247BD7D6-CB4F-4510-B2BA-7A53F06FABC1}.Release|Any CPU.Build.0 = Release|Any CPU
	EndGlobalSection
	GlobalSection(SolutionProperties) = preSolution
		HideSolutionNode = FALSE
	EndGlobalSection
	GlobalSection(ExtensibilityGlobals) = postSolution
		SolutionGuid = {BBE8F76D-D343-4F1F-B0A4-96369902574F}
	EndGlobalSection
EndGlobal
