
Microsoft Visual Studio Solution File, Format Version 12.00
# Visual Studio 15
VisualStudioVersion = 15.0.28307.271
MinimumVisualStudioVersion = 10.0.40219.1
Project("{9A19103F-16F7-4668-BE54-9A1E7A4F7556}") = "SoftUniParking", "SoftUniParking.csproj", "{3FC14DB5-4414-40E4-85A5-364420EE41C2}"
EndProject
Global
	GlobalSection(SolutionConfigurationPlatforms) = preSolution
		Debug|Any CPU = Debug|Any CPU
		Release|Any CPU = Release|Any CPU
	EndGlobalSection
	GlobalSection(ProjectConfigurationPlatforms) = postSolution
		{3FC14DB5-4414-40E4-85A5-364420EE41C2}.Debug|Any CPU.ActiveCfg = Debug|Any CPU
		{3FC14DB5-4414-40E4-85A5-364420EE41C2}.Debug|Any CPU.Build.0 = Debug|Any CPU
		{3FC14DB5-4414-40E4-85A5-364420EE41C2}.Release|Any CPU.ActiveCfg = Release|Any CPU
		{3FC14DB5-4414-40E4-85A5-364420EE41C2}.Release|Any CPU.Build.0 = Release|Any CPU
	EndGlobalSection
	GlobalSection(SolutionProperties) = preSolution
		HideSolutionNode = FALSE
	EndGlobalSection
	GlobalSection(ExtensibilityGlobals) = postSolution
		SolutionGuid = {71D39ED3-87F6-44F0-B010-8AC1C4AB1ED5}
	EndGlobalSection
EndGlobal
