
Microsoft Visual Studio Solution File, Format Version 12.00
# Visual Studio 15
VisualStudioVersion = 15.0.28307.271
MinimumVisualStudioVersion = 10.0.40219.1
Project("{FAE04EC0-301F-11D3-BF4B-00C04F79EFBC}") = "01.Car", "01.Car\01.Car.csproj", "{4541B8E6-9829-4602-943B-12A8F9BC6FB2}"
EndProject
Project("{FAE04EC0-301F-11D3-BF4B-00C04F79EFBC}") = "02.CarExtension", "02.CarExtension\02.CarExtension.csproj", "{A9B3B2C0-9707-48AE-A94F-61264DF80034}"
EndProject
Global
	GlobalSection(SolutionConfigurationPlatforms) = preSolution
		Debug|Any CPU = Debug|Any CPU
		Release|Any CPU = Release|Any CPU
	EndGlobalSection
	GlobalSection(ProjectConfigurationPlatforms) = postSolution
		{4541B8E6-9829-4602-943B-12A8F9BC6FB2}.Debug|Any CPU.ActiveCfg = Debug|Any CPU
		{4541B8E6-9829-4602-943B-12A8F9BC6FB2}.Debug|Any CPU.Build.0 = Debug|Any CPU
		{4541B8E6-9829-4602-943B-12A8F9BC6FB2}.Release|Any CPU.ActiveCfg = Release|Any CPU
		{4541B8E6-9829-4602-943B-12A8F9BC6FB2}.Release|Any CPU.Build.0 = Release|Any CPU
		{A9B3B2C0-9707-48AE-A94F-61264DF80034}.Debug|Any CPU.ActiveCfg = Debug|Any CPU
		{A9B3B2C0-9707-48AE-A94F-61264DF80034}.Debug|Any CPU.Build.0 = Debug|Any CPU
		{A9B3B2C0-9707-48AE-A94F-61264DF80034}.Release|Any CPU.ActiveCfg = Release|Any CPU
		{A9B3B2C0-9707-48AE-A94F-61264DF80034}.Release|Any CPU.Build.0 = Release|Any CPU
	EndGlobalSection
	GlobalSection(SolutionProperties) = preSolution
		HideSolutionNode = FALSE
	EndGlobalSection
	GlobalSection(ExtensibilityGlobals) = postSolution
		SolutionGuid = {4607873B-DC9E-4287-A473-C4A62575A88F}
	EndGlobalSection
EndGlobal
