
Microsoft Visual Studio Solution File, Format Version 12.00
# Visual Studio Version 16
VisualStudioVersion = 16.0.29613.14
MinimumVisualStudioVersion = 10.0.40219.1
Project("{9A19103F-16F7-4668-BE54-9A1E7A4F7556}") = "P02_BlackBoxInteger", "P02_BlackBoxInteger.csproj", "{9849FB2A-6B9B-4FD6-B654-572F1DF0B57C}"
EndProject
Global
	GlobalSection(SolutionConfigurationPlatforms) = preSolution
		Debug|Any CPU = Debug|Any CPU
		Release|Any CPU = Release|Any CPU
	EndGlobalSection
	GlobalSection(ProjectConfigurationPlatforms) = postSolution
		{9849FB2A-6B9B-4FD6-B654-572F1DF0B57C}.Debug|Any CPU.ActiveCfg = Debug|Any CPU
		{9849FB2A-6B9B-4FD6-B654-572F1DF0B57C}.Debug|Any CPU.Build.0 = Debug|Any CPU
		{9849FB2A-6B9B-4FD6-B654-572F1DF0B57C}.Release|Any CPU.ActiveCfg = Release|Any CPU
		{9849FB2A-6B9B-4FD6-B654-572F1DF0B57C}.Release|Any CPU.Build.0 = Release|Any CPU
	EndGlobalSection
	GlobalSection(SolutionProperties) = preSolution
		HideSolutionNode = FALSE
	EndGlobalSection
	GlobalSection(ExtensibilityGlobals) = postSolution
		SolutionGuid = {CE869A3A-7A13-40F3-926A-11FC6E150FE3}
	EndGlobalSection
EndGlobal
