
Microsoft Visual Studio Solution File, Format Version 12.00
# Visual Studio 15
VisualStudioVersion = 15.0.28306.52
MinimumVisualStudioVersion = 10.0.40219.1
Project("{FAE04EC0-301F-11D3-BF4B-00C04F79EFBC}") = "01.Problem1", "Problem1\01.Problem1.csproj", "{2CE454C2-91F9-4353-875D-9B50B5D0A3B2}"
EndProject
Project("{FAE04EC0-301F-11D3-BF4B-00C04F79EFBC}") = "02.Problem2", "02.Problem2\02.Problem2.csproj", "{064A7310-7BA3-4B85-B08A-294CE6A79610}"
EndProject
Project("{FAE04EC0-301F-11D3-BF4B-00C04F79EFBC}") = "03.Problem3", "03.Problem3\03.Problem3.csproj", "{54E87ADB-EFE3-4293-925A-6E70B25101FD}"
EndProject
Global
	GlobalSection(SolutionConfigurationPlatforms) = preSolution
		Debug|Any CPU = Debug|Any CPU
		Release|Any CPU = Release|Any CPU
	EndGlobalSection
	GlobalSection(ProjectConfigurationPlatforms) = postSolution
		{2CE454C2-91F9-4353-875D-9B50B5D0A3B2}.Debug|Any CPU.ActiveCfg = Debug|Any CPU
		{2CE454C2-91F9-4353-875D-9B50B5D0A3B2}.Debug|Any CPU.Build.0 = Debug|Any CPU
		{2CE454C2-91F9-4353-875D-9B50B5D0A3B2}.Release|Any CPU.ActiveCfg = Release|Any CPU
		{2CE454C2-91F9-4353-875D-9B50B5D0A3B2}.Release|Any CPU.Build.0 = Release|Any CPU
		{064A7310-7BA3-4B85-B08A-294CE6A79610}.Debug|Any CPU.ActiveCfg = Debug|Any CPU
		{064A7310-7BA3-4B85-B08A-294CE6A79610}.Debug|Any CPU.Build.0 = Debug|Any CPU
		{064A7310-7BA3-4B85-B08A-294CE6A79610}.Release|Any CPU.ActiveCfg = Release|Any CPU
		{064A7310-7BA3-4B85-B08A-294CE6A79610}.Release|Any CPU.Build.0 = Release|Any CPU
		{54E87ADB-EFE3-4293-925A-6E70B25101FD}.Debug|Any CPU.ActiveCfg = Debug|Any CPU
		{54E87ADB-EFE3-4293-925A-6E70B25101FD}.Debug|Any CPU.Build.0 = Debug|Any CPU
		{54E87ADB-EFE3-4293-925A-6E70B25101FD}.Release|Any CPU.ActiveCfg = Release|Any CPU
		{54E87ADB-EFE3-4293-925A-6E70B25101FD}.Release|Any CPU.Build.0 = Release|Any CPU
	EndGlobalSection
	GlobalSection(SolutionProperties) = preSolution
		HideSolutionNode = FALSE
	EndGlobalSection
	GlobalSection(ExtensibilityGlobals) = postSolution
		SolutionGuid = {3E0AEB67-7B1C-4888-8D0C-FF5531B01636}
	EndGlobalSection
EndGlobal
