
Microsoft Visual Studio Solution File, Format Version 12.00
# Visual Studio 15
VisualStudioVersion = 15.0.28306.52
MinimumVisualStudioVersion = 10.0.40219.1
Project("{9A19103F-16F7-4668-BE54-9A1E7A4F7556}") = "01.ReverseStrings", "01.ReverseStrings\01.ReverseStrings.csproj", "{B4D39B88-8F65-4870-9160-E5BAD4ADEFC5}"
EndProject
Project("{9A19103F-16F7-4668-BE54-9A1E7A4F7556}") = "02.RepeatStrings", "02.RepeatStrings\02.RepeatStrings.csproj", "{CE00C659-EF2B-44C2-8EA1-5CADB3F10AA0}"
EndProject
Project("{9A19103F-16F7-4668-BE54-9A1E7A4F7556}") = "03.Substring", "03.Substring\03.Substring.csproj", "{4FBC4B85-85D9-4CC0-80F2-D69476509E98}"
EndProject
Project("{9A19103F-16F7-4668-BE54-9A1E7A4F7556}") = "04.TextFilter", "04.TextFilter\04.TextFilter.csproj", "{5A24196E-C6FA-48E7-BE9F-078BAEACC79C}"
EndProject
Project("{9A19103F-16F7-4668-BE54-9A1E7A4F7556}") = "05.DigitsLettersAndOther", "05.DigitsLettersAndOther\05.DigitsLettersAndOther.csproj", "{1B394677-22F4-46F0-80D3-FB0ADB4E2857}"
EndProject
Project("{9A19103F-16F7-4668-BE54-9A1E7A4F7556}") = "06.MatchFullName", "06.MatchFullName\06.MatchFullName.csproj", "{BDA17294-8789-42F0-ADEA-18D87086CC71}"
EndProject
Project("{9A19103F-16F7-4668-BE54-9A1E7A4F7556}") = "07.MatchDates", "07.MatchDates\07.MatchDates.csproj", "{08CB5464-49C7-4E7B-90B1-A6EA375E415F}"
EndProject
Project("{9A19103F-16F7-4668-BE54-9A1E7A4F7556}") = "08.MatchPhoneNumber", "08.MatchPhoneNumber\08.MatchPhoneNumber.csproj", "{5D45CE42-6E8E-4204-B9F6-05EC4603F364}"
EndProject
Project("{2150E333-8FDC-42A3-9474-1A3956D46DE8}") = "Lab", "Lab", "{563B02FF-3DF5-4429-8CD7-44068BD922F9}"
EndProject
Project("{9A19103F-16F7-4668-BE54-9A1E7A4F7556}") = "01.ValidUsernames", "01.ValidUsernames\01.ValidUsernames.csproj", "{6952C9EE-30F6-4F50-884C-983B128165DD}"
EndProject
Project("{9A19103F-16F7-4668-BE54-9A1E7A4F7556}") = "02.CharacterMultiplier", "02.CharacterMultiplier\02.CharacterMultiplier.csproj", "{8BFC986E-739C-4074-B12E-CBEB49C1861D}"
EndProject
Project("{9A19103F-16F7-4668-BE54-9A1E7A4F7556}") = "03.ExtractFile", "03.ExtractFile\03.ExtractFile.csproj", "{0B5860B2-5331-4853-87B1-837F7EE3B806}"
EndProject
Project("{9A19103F-16F7-4668-BE54-9A1E7A4F7556}") = "04.CaesarCipher", "04.CaesarCipher\04.CaesarCipher.csproj", "{6DB62F99-8E52-496C-B2CE-DAF7B80F66D7}"
EndProject
Project("{9A19103F-16F7-4668-BE54-9A1E7A4F7556}") = "05.MultiplyBigNumber", "05.MultiplyBigNumber\05.MultiplyBigNumber.csproj", "{83855C94-F8C3-4CBF-8EC2-44C590FBF776}"
EndProject
Project("{9A19103F-16F7-4668-BE54-9A1E7A4F7556}") = "06.ReplaceRepeatingChars", "06.ReplaceRepeatingChars\06.ReplaceRepeatingChars.csproj", "{DD84438E-22FD-4E7B-9971-7FD4160B3EC8}"
EndProject
Project("{9A19103F-16F7-4668-BE54-9A1E7A4F7556}") = "07.StringExplosion", "07.StringExplosion\07.StringExplosion.csproj", "{E5E782E0-F681-4C26-973B-B9986A4F2094}"
EndProject
Project("{9A19103F-16F7-4668-BE54-9A1E7A4F7556}") = "08.MatchNumbers", "08.MatchNumbers\08.MatchNumbers.csproj", "{151D0397-01CC-4CD7-8213-546A535D9984}"
EndProject
Project("{9A19103F-16F7-4668-BE54-9A1E7A4F7556}") = "09.StarEnigma", "09.StarEnigma\09.StarEnigma.csproj", "{7C5CDCA4-AF30-4C78-A0ED-E771CBCF9BD1}"
EndProject
Project("{9A19103F-16F7-4668-BE54-9A1E7A4F7556}") = "10.RageQuit", "10.RageQuit\10.RageQuit.csproj", "{F7F40857-C986-443A-8DC2-33127B862141}"
EndProject
Project("{9A19103F-16F7-4668-BE54-9A1E7A4F7556}") = "11.LettersChangeNumbers", "11.LettersChangeNumbers\11.LettersChangeNumbers.csproj", "{3FF2FC3A-8D6F-46B3-808E-91E8F255742E}"
EndProject
Project("{9A19103F-16F7-4668-BE54-9A1E7A4F7556}") = "12.SoftUniBarIncome", "12.SoftUniBarIncome\12.SoftUniBarIncome.csproj", "{62754973-029E-48D9-B4A2-BF1CC5141CB8}"
EndProject
Project("{2150E333-8FDC-42A3-9474-1A3956D46DE8}") = "Exercise", "Exercise", "{841FB0E7-FAE5-4DE4-A38D-9186D4432E0C}"
EndProject
Project("{2150E333-8FDC-42A3-9474-1A3956D46DE8}") = "More-Exercise", "More-Exercise", "{B4121905-D493-419B-84E1-719396F74228}"
EndProject
Project("{9A19103F-16F7-4668-BE54-9A1E7A4F7556}") = "01.ExtractPersonInformation", "01.ExtractPersonInformation\01.ExtractPersonInformation.csproj", "{8C5B6B6D-554B-4A6B-AF4D-7A0202EC2AF5}"
EndProject
Project("{9A19103F-16F7-4668-BE54-9A1E7A4F7556}") = "02.AsciiSumator", "02.AsciiSumator\02.AsciiSumator.csproj", "{10CCBC83-8415-48C5-935A-46C469B0E3D7}"
EndProject
Project("{9A19103F-16F7-4668-BE54-9A1E7A4F7556}") = "03.TreasureFinder", "03.TreasureFinder\03.TreasureFinder.csproj", "{A8BF8022-DA79-4941-8305-E3DEEE2D6F3C}"
EndProject
Project("{FAE04EC0-301F-11D3-BF4B-00C04F79EFBC}") = "04.MorseCodeTranslator", "04.MorseCodeTranslator\04.MorseCodeTranslator.csproj", "{28F8B657-9CF5-4A9E-BEBE-6B82A87AC0EB}"
EndProject
Project("{FAE04EC0-301F-11D3-BF4B-00C04F79EFBC}") = "05.HTML", "05.HTML\05.HTML.csproj", "{3AEA03CE-4E24-4F04-80A1-56CBE8384C84}"
EndProject
Project("{FAE04EC0-301F-11D3-BF4B-00C04F79EFBC}") = "06.WinningTicket", "06.WinningTicket\06.WinningTicket.csproj", "{53E09672-7A37-427F-85BA-3360BF00A648}"
EndProject
Project("{FAE04EC0-301F-11D3-BF4B-00C04F79EFBC}") = "07.NetherRealms", "07.NetherRealms\07.NetherRealms.csproj", "{1F7F78B7-6850-4CE8-9053-828E8005F4FC}"
EndProject
Global
	GlobalSection(SolutionConfigurationPlatforms) = preSolution
		Debug|Any CPU = Debug|Any CPU
		Release|Any CPU = Release|Any CPU
	EndGlobalSection
	GlobalSection(ProjectConfigurationPlatforms) = postSolution
		{B4D39B88-8F65-4870-9160-E5BAD4ADEFC5}.Debug|Any CPU.ActiveCfg = Debug|Any CPU
		{B4D39B88-8F65-4870-9160-E5BAD4ADEFC5}.Debug|Any CPU.Build.0 = Debug|Any CPU
		{B4D39B88-8F65-4870-9160-E5BAD4ADEFC5}.Release|Any CPU.ActiveCfg = Release|Any CPU
		{B4D39B88-8F65-4870-9160-E5BAD4ADEFC5}.Release|Any CPU.Build.0 = Release|Any CPU
		{CE00C659-EF2B-44C2-8EA1-5CADB3F10AA0}.Debug|Any CPU.ActiveCfg = Debug|Any CPU
		{CE00C659-EF2B-44C2-8EA1-5CADB3F10AA0}.Debug|Any CPU.Build.0 = Debug|Any CPU
		{CE00C659-EF2B-44C2-8EA1-5CADB3F10AA0}.Release|Any CPU.ActiveCfg = Release|Any CPU
		{CE00C659-EF2B-44C2-8EA1-5CADB3F10AA0}.Release|Any CPU.Build.0 = Release|Any CPU
		{4FBC4B85-85D9-4CC0-80F2-D69476509E98}.Debug|Any CPU.ActiveCfg = Debug|Any CPU
		{4FBC4B85-85D9-4CC0-80F2-D69476509E98}.Debug|Any CPU.Build.0 = Debug|Any CPU
		{4FBC4B85-85D9-4CC0-80F2-D69476509E98}.Release|Any CPU.ActiveCfg = Release|Any CPU
		{4FBC4B85-85D9-4CC0-80F2-D69476509E98}.Release|Any CPU.Build.0 = Release|Any CPU
		{5A24196E-C6FA-48E7-BE9F-078BAEACC79C}.Debug|Any CPU.ActiveCfg = Debug|Any CPU
		{5A24196E-C6FA-48E7-BE9F-078BAEACC79C}.Debug|Any CPU.Build.0 = Debug|Any CPU
		{5A24196E-C6FA-48E7-BE9F-078BAEACC79C}.Release|Any CPU.ActiveCfg = Release|Any CPU
		{5A24196E-C6FA-48E7-BE9F-078BAEACC79C}.Release|Any CPU.Build.0 = Release|Any CPU
		{1B394677-22F4-46F0-80D3-FB0ADB4E2857}.Debug|Any CPU.ActiveCfg = Debug|Any CPU
		{1B394677-22F4-46F0-80D3-FB0ADB4E2857}.Debug|Any CPU.Build.0 = Debug|Any CPU
		{1B394677-22F4-46F0-80D3-FB0ADB4E2857}.Release|Any CPU.ActiveCfg = Release|Any CPU
		{1B394677-22F4-46F0-80D3-FB0ADB4E2857}.Release|Any CPU.Build.0 = Release|Any CPU
		{BDA17294-8789-42F0-ADEA-18D87086CC71}.Debug|Any CPU.ActiveCfg = Debug|Any CPU
		{BDA17294-8789-42F0-ADEA-18D87086CC71}.Debug|Any CPU.Build.0 = Debug|Any CPU
		{BDA17294-8789-42F0-ADEA-18D87086CC71}.Release|Any CPU.ActiveCfg = Release|Any CPU
		{BDA17294-8789-42F0-ADEA-18D87086CC71}.Release|Any CPU.Build.0 = Release|Any CPU
		{08CB5464-49C7-4E7B-90B1-A6EA375E415F}.Debug|Any CPU.ActiveCfg = Debug|Any CPU
		{08CB5464-49C7-4E7B-90B1-A6EA375E415F}.Debug|Any CPU.Build.0 = Debug|Any CPU
		{08CB5464-49C7-4E7B-90B1-A6EA375E415F}.Release|Any CPU.ActiveCfg = Release|Any CPU
		{08CB5464-49C7-4E7B-90B1-A6EA375E415F}.Release|Any CPU.Build.0 = Release|Any CPU
		{5D45CE42-6E8E-4204-B9F6-05EC4603F364}.Debug|Any CPU.ActiveCfg = Debug|Any CPU
		{5D45CE42-6E8E-4204-B9F6-05EC4603F364}.Debug|Any CPU.Build.0 = Debug|Any CPU
		{5D45CE42-6E8E-4204-B9F6-05EC4603F364}.Release|Any CPU.ActiveCfg = Release|Any CPU
		{5D45CE42-6E8E-4204-B9F6-05EC4603F364}.Release|Any CPU.Build.0 = Release|Any CPU
		{6952C9EE-30F6-4F50-884C-983B128165DD}.Debug|Any CPU.ActiveCfg = Debug|Any CPU
		{6952C9EE-30F6-4F50-884C-983B128165DD}.Debug|Any CPU.Build.0 = Debug|Any CPU
		{6952C9EE-30F6-4F50-884C-983B128165DD}.Release|Any CPU.ActiveCfg = Release|Any CPU
		{6952C9EE-30F6-4F50-884C-983B128165DD}.Release|Any CPU.Build.0 = Release|Any CPU
		{8BFC986E-739C-4074-B12E-CBEB49C1861D}.Debug|Any CPU.ActiveCfg = Debug|Any CPU
		{8BFC986E-739C-4074-B12E-CBEB49C1861D}.Debug|Any CPU.Build.0 = Debug|Any CPU
		{8BFC986E-739C-4074-B12E-CBEB49C1861D}.Release|Any CPU.ActiveCfg = Release|Any CPU
		{8BFC986E-739C-4074-B12E-CBEB49C1861D}.Release|Any CPU.Build.0 = Release|Any CPU
		{0B5860B2-5331-4853-87B1-837F7EE3B806}.Debug|Any CPU.ActiveCfg = Debug|Any CPU
		{0B5860B2-5331-4853-87B1-837F7EE3B806}.Debug|Any CPU.Build.0 = Debug|Any CPU
		{0B5860B2-5331-4853-87B1-837F7EE3B806}.Release|Any CPU.ActiveCfg = Release|Any CPU
		{0B5860B2-5331-4853-87B1-837F7EE3B806}.Release|Any CPU.Build.0 = Release|Any CPU
		{6DB62F99-8E52-496C-B2CE-DAF7B80F66D7}.Debug|Any CPU.ActiveCfg = Debug|Any CPU
		{6DB62F99-8E52-496C-B2CE-DAF7B80F66D7}.Debug|Any CPU.Build.0 = Debug|Any CPU
		{6DB62F99-8E52-496C-B2CE-DAF7B80F66D7}.Release|Any CPU.ActiveCfg = Release|Any CPU
		{6DB62F99-8E52-496C-B2CE-DAF7B80F66D7}.Release|Any CPU.Build.0 = Release|Any CPU
		{83855C94-F8C3-4CBF-8EC2-44C590FBF776}.Debug|Any CPU.ActiveCfg = Debug|Any CPU
		{83855C94-F8C3-4CBF-8EC2-44C590FBF776}.Debug|Any CPU.Build.0 = Debug|Any CPU
		{83855C94-F8C3-4CBF-8EC2-44C590FBF776}.Release|Any CPU.ActiveCfg = Release|Any CPU
		{83855C94-F8C3-4CBF-8EC2-44C590FBF776}.Release|Any CPU.Build.0 = Release|Any CPU
		{DD84438E-22FD-4E7B-9971-7FD4160B3EC8}.Debug|Any CPU.ActiveCfg = Debug|Any CPU
		{DD84438E-22FD-4E7B-9971-7FD4160B3EC8}.Debug|Any CPU.Build.0 = Debug|Any CPU
		{DD84438E-22FD-4E7B-9971-7FD4160B3EC8}.Release|Any CPU.ActiveCfg = Release|Any CPU
		{DD84438E-22FD-4E7B-9971-7FD4160B3EC8}.Release|Any CPU.Build.0 = Release|Any CPU
		{E5E782E0-F681-4C26-973B-B9986A4F2094}.Debug|Any CPU.ActiveCfg = Debug|Any CPU
		{E5E782E0-F681-4C26-973B-B9986A4F2094}.Debug|Any CPU.Build.0 = Debug|Any CPU
		{E5E782E0-F681-4C26-973B-B9986A4F2094}.Release|Any CPU.ActiveCfg = Release|Any CPU
		{E5E782E0-F681-4C26-973B-B9986A4F2094}.Release|Any CPU.Build.0 = Release|Any CPU
		{151D0397-01CC-4CD7-8213-546A535D9984}.Debug|Any CPU.ActiveCfg = Debug|Any CPU
		{151D0397-01CC-4CD7-8213-546A535D9984}.Debug|Any CPU.Build.0 = Debug|Any CPU
		{151D0397-01CC-4CD7-8213-546A535D9984}.Release|Any CPU.ActiveCfg = Release|Any CPU
		{151D0397-01CC-4CD7-8213-546A535D9984}.Release|Any CPU.Build.0 = Release|Any CPU
		{7C5CDCA4-AF30-4C78-A0ED-E771CBCF9BD1}.Debug|Any CPU.ActiveCfg = Debug|Any CPU
		{7C5CDCA4-AF30-4C78-A0ED-E771CBCF9BD1}.Debug|Any CPU.Build.0 = Debug|Any CPU
		{7C5CDCA4-AF30-4C78-A0ED-E771CBCF9BD1}.Release|Any CPU.ActiveCfg = Release|Any CPU
		{7C5CDCA4-AF30-4C78-A0ED-E771CBCF9BD1}.Release|Any CPU.Build.0 = Release|Any CPU
		{F7F40857-C986-443A-8DC2-33127B862141}.Debug|Any CPU.ActiveCfg = Debug|Any CPU
		{F7F40857-C986-443A-8DC2-33127B862141}.Debug|Any CPU.Build.0 = Debug|Any CPU
		{F7F40857-C986-443A-8DC2-33127B862141}.Release|Any CPU.ActiveCfg = Release|Any CPU
		{F7F40857-C986-443A-8DC2-33127B862141}.Release|Any CPU.Build.0 = Release|Any CPU
		{3FF2FC3A-8D6F-46B3-808E-91E8F255742E}.Debug|Any CPU.ActiveCfg = Debug|Any CPU
		{3FF2FC3A-8D6F-46B3-808E-91E8F255742E}.Debug|Any CPU.Build.0 = Debug|Any CPU
		{3FF2FC3A-8D6F-46B3-808E-91E8F255742E}.Release|Any CPU.ActiveCfg = Release|Any CPU
		{3FF2FC3A-8D6F-46B3-808E-91E8F255742E}.Release|Any CPU.Build.0 = Release|Any CPU
		{62754973-029E-48D9-B4A2-BF1CC5141CB8}.Debug|Any CPU.ActiveCfg = Debug|Any CPU
		{62754973-029E-48D9-B4A2-BF1CC5141CB8}.Debug|Any CPU.Build.0 = Debug|Any CPU
		{62754973-029E-48D9-B4A2-BF1CC5141CB8}.Release|Any CPU.ActiveCfg = Release|Any CPU
		{62754973-029E-48D9-B4A2-BF1CC5141CB8}.Release|Any CPU.Build.0 = Release|Any CPU
		{8C5B6B6D-554B-4A6B-AF4D-7A0202EC2AF5}.Debug|Any CPU.ActiveCfg = Debug|Any CPU
		{8C5B6B6D-554B-4A6B-AF4D-7A0202EC2AF5}.Debug|Any CPU.Build.0 = Debug|Any CPU
		{8C5B6B6D-554B-4A6B-AF4D-7A0202EC2AF5}.Release|Any CPU.ActiveCfg = Release|Any CPU
		{8C5B6B6D-554B-4A6B-AF4D-7A0202EC2AF5}.Release|Any CPU.Build.0 = Release|Any CPU
		{10CCBC83-8415-48C5-935A-46C469B0E3D7}.Debug|Any CPU.ActiveCfg = Debug|Any CPU
		{10CCBC83-8415-48C5-935A-46C469B0E3D7}.Debug|Any CPU.Build.0 = Debug|Any CPU
		{10CCBC83-8415-48C5-935A-46C469B0E3D7}.Release|Any CPU.ActiveCfg = Release|Any CPU
		{10CCBC83-8415-48C5-935A-46C469B0E3D7}.Release|Any CPU.Build.0 = Release|Any CPU
		{A8BF8022-DA79-4941-8305-E3DEEE2D6F3C}.Debug|Any CPU.ActiveCfg = Debug|Any CPU
		{A8BF8022-DA79-4941-8305-E3DEEE2D6F3C}.Debug|Any CPU.Build.0 = Debug|Any CPU
		{A8BF8022-DA79-4941-8305-E3DEEE2D6F3C}.Release|Any CPU.ActiveCfg = Release|Any CPU
		{A8BF8022-DA79-4941-8305-E3DEEE2D6F3C}.Release|Any CPU.Build.0 = Release|Any CPU
		{28F8B657-9CF5-4A9E-BEBE-6B82A87AC0EB}.Debug|Any CPU.ActiveCfg = Debug|Any CPU
		{28F8B657-9CF5-4A9E-BEBE-6B82A87AC0EB}.Debug|Any CPU.Build.0 = Debug|Any CPU
		{28F8B657-9CF5-4A9E-BEBE-6B82A87AC0EB}.Release|Any CPU.ActiveCfg = Release|Any CPU
		{28F8B657-9CF5-4A9E-BEBE-6B82A87AC0EB}.Release|Any CPU.Build.0 = Release|Any CPU
		{3AEA03CE-4E24-4F04-80A1-56CBE8384C84}.Debug|Any CPU.ActiveCfg = Debug|Any CPU
		{3AEA03CE-4E24-4F04-80A1-56CBE8384C84}.Debug|Any CPU.Build.0 = Debug|Any CPU
		{3AEA03CE-4E24-4F04-80A1-56CBE8384C84}.Release|Any CPU.ActiveCfg = Release|Any CPU
		{3AEA03CE-4E24-4F04-80A1-56CBE8384C84}.Release|Any CPU.Build.0 = Release|Any CPU
		{53E09672-7A37-427F-85BA-3360BF00A648}.Debug|Any CPU.ActiveCfg = Debug|Any CPU
		{53E09672-7A37-427F-85BA-3360BF00A648}.Debug|Any CPU.Build.0 = Debug|Any CPU
		{53E09672-7A37-427F-85BA-3360BF00A648}.Release|Any CPU.ActiveCfg = Release|Any CPU
		{53E09672-7A37-427F-85BA-3360BF00A648}.Release|Any CPU.Build.0 = Release|Any CPU
		{1F7F78B7-6850-4CE8-9053-828E8005F4FC}.Debug|Any CPU.ActiveCfg = Debug|Any CPU
		{1F7F78B7-6850-4CE8-9053-828E8005F4FC}.Debug|Any CPU.Build.0 = Debug|Any CPU
		{1F7F78B7-6850-4CE8-9053-828E8005F4FC}.Release|Any CPU.ActiveCfg = Release|Any CPU
		{1F7F78B7-6850-4CE8-9053-828E8005F4FC}.Release|Any CPU.Build.0 = Release|Any CPU
	EndGlobalSection
	GlobalSection(SolutionProperties) = preSolution
		HideSolutionNode = FALSE
	EndGlobalSection
	GlobalSection(NestedProjects) = preSolution
		{B4D39B88-8F65-4870-9160-E5BAD4ADEFC5} = {563B02FF-3DF5-4429-8CD7-44068BD922F9}
		{CE00C659-EF2B-44C2-8EA1-5CADB3F10AA0} = {563B02FF-3DF5-4429-8CD7-44068BD922F9}
		{4FBC4B85-85D9-4CC0-80F2-D69476509E98} = {563B02FF-3DF5-4429-8CD7-44068BD922F9}
		{5A24196E-C6FA-48E7-BE9F-078BAEACC79C} = {563B02FF-3DF5-4429-8CD7-44068BD922F9}
		{1B394677-22F4-46F0-80D3-FB0ADB4E2857} = {563B02FF-3DF5-4429-8CD7-44068BD922F9}
		{BDA17294-8789-42F0-ADEA-18D87086CC71} = {563B02FF-3DF5-4429-8CD7-44068BD922F9}
		{08CB5464-49C7-4E7B-90B1-A6EA375E415F} = {563B02FF-3DF5-4429-8CD7-44068BD922F9}
		{5D45CE42-6E8E-4204-B9F6-05EC4603F364} = {563B02FF-3DF5-4429-8CD7-44068BD922F9}
		{6952C9EE-30F6-4F50-884C-983B128165DD} = {841FB0E7-FAE5-4DE4-A38D-9186D4432E0C}
		{8BFC986E-739C-4074-B12E-CBEB49C1861D} = {841FB0E7-FAE5-4DE4-A38D-9186D4432E0C}
		{0B5860B2-5331-4853-87B1-837F7EE3B806} = {841FB0E7-FAE5-4DE4-A38D-9186D4432E0C}
		{6DB62F99-8E52-496C-B2CE-DAF7B80F66D7} = {841FB0E7-FAE5-4DE4-A38D-9186D4432E0C}
		{83855C94-F8C3-4CBF-8EC2-44C590FBF776} = {841FB0E7-FAE5-4DE4-A38D-9186D4432E0C}
		{DD84438E-22FD-4E7B-9971-7FD4160B3EC8} = {841FB0E7-FAE5-4DE4-A38D-9186D4432E0C}
		{E5E782E0-F681-4C26-973B-B9986A4F2094} = {841FB0E7-FAE5-4DE4-A38D-9186D4432E0C}
		{151D0397-01CC-4CD7-8213-546A535D9984} = {841FB0E7-FAE5-4DE4-A38D-9186D4432E0C}
		{7C5CDCA4-AF30-4C78-A0ED-E771CBCF9BD1} = {841FB0E7-FAE5-4DE4-A38D-9186D4432E0C}
		{F7F40857-C986-443A-8DC2-33127B862141} = {841FB0E7-FAE5-4DE4-A38D-9186D4432E0C}
		{3FF2FC3A-8D6F-46B3-808E-91E8F255742E} = {841FB0E7-FAE5-4DE4-A38D-9186D4432E0C}
		{62754973-029E-48D9-B4A2-BF1CC5141CB8} = {841FB0E7-FAE5-4DE4-A38D-9186D4432E0C}
		{8C5B6B6D-554B-4A6B-AF4D-7A0202EC2AF5} = {B4121905-D493-419B-84E1-719396F74228}
		{10CCBC83-8415-48C5-935A-46C469B0E3D7} = {B4121905-D493-419B-84E1-719396F74228}
		{A8BF8022-DA79-4941-8305-E3DEEE2D6F3C} = {B4121905-D493-419B-84E1-719396F74228}
		{28F8B657-9CF5-4A9E-BEBE-6B82A87AC0EB} = {B4121905-D493-419B-84E1-719396F74228}
		{3AEA03CE-4E24-4F04-80A1-56CBE8384C84} = {B4121905-D493-419B-84E1-719396F74228}
		{53E09672-7A37-427F-85BA-3360BF00A648} = {B4121905-D493-419B-84E1-719396F74228}
		{1F7F78B7-6850-4CE8-9053-828E8005F4FC} = {B4121905-D493-419B-84E1-719396F74228}
	EndGlobalSection
	GlobalSection(ExtensibilityGlobals) = postSolution
		SolutionGuid = {50428C90-B384-46D3-9B51-16093875F541}
	EndGlobalSection
EndGlobal
