
Microsoft Visual Studio Solution File, Format Version 12.00
# Visual Studio 15
VisualStudioVersion = 15.0.28307.902
MinimumVisualStudioVersion = 10.0.40219.1
Project("{9A19103F-16F7-4668-BE54-9A1E7A4F7556}") = "P03_SalesDatabase", "P03_SalesDatabase\P03_SalesDatabase.csproj", "{640658C9-4358-45C9-8414-EF6122CBCA2A}"
EndProject
Global
	GlobalSection(SolutionConfigurationPlatforms) = preSolution
		Debug|Any CPU = Debug|Any CPU
		Release|Any CPU = Release|Any CPU
	EndGlobalSection
	GlobalSection(ProjectConfigurationPlatforms) = postSolution
		{640658C9-4358-45C9-8414-EF6122CBCA2A}.Debug|Any CPU.ActiveCfg = Debug|Any CPU
		{640658C9-4358-45C9-8414-EF6122CBCA2A}.Debug|Any CPU.Build.0 = Debug|Any CPU
		{640658C9-4358-45C9-8414-EF6122CBCA2A}.Release|Any CPU.ActiveCfg = Release|Any CPU
		{640658C9-4358-45C9-8414-EF6122CBCA2A}.Release|Any CPU.Build.0 = Release|Any CPU
	EndGlobalSection
	GlobalSection(SolutionProperties) = preSolution
		HideSolutionNode = FALSE
	EndGlobalSection
	GlobalSection(ExtensibilityGlobals) = postSolution
		SolutionGuid = {0D28D3D0-CC17-48DF-BD42-0999C6CE80A9}
	EndGlobalSection
EndGlobal
