
Microsoft Visual Studio Solution File, Format Version 12.00
# Visual Studio 15
VisualStudioVersion = 15.0.28010.2003
MinimumVisualStudioVersion = 10.0.40219.1
Project("{2150E333-8FDC-42A3-9474-1A3956D46DE8}") = "Objects-and-Classes-Lab", "Objects-and-Classes-Lab", "{7CF912AA-2304-42AE-85E3-70479F2E13ED}"
EndProject
Project("{9A19103F-16F7-4668-BE54-9A1E7A4F7556}") = "01.DayOfWeekClass", "01.DayOfWeekClass\01.DayOfWeekClass.csproj", "{17D9624B-7E41-4345-95EB-AF922DD2DA5C}"
EndProject
Project("{9A19103F-16F7-4668-BE54-9A1E7A4F7556}") = "02.RandomizeWords", "02.RandomizeWords\02.RandomizeWords.csproj", "{EA25D511-E28B-4885-A995-AD4449E3182A}"
EndProject
Project("{9A19103F-16F7-4668-BE54-9A1E7A4F7556}") = "03.BigFactorial", "03.BigFactorial\03.BigFactorial.csproj", "{A05F5A0A-5FD6-4E53-8A05-8A7CA8C16704}"
EndProject
Project("{9A19103F-16F7-4668-BE54-9A1E7A4F7556}") = "04.Songs", "04.Songs\04.Songs.csproj", "{B2BDEE65-4507-4AD4-A0BC-7E94364A0AE7}"
EndProject
Project("{9A19103F-16F7-4668-BE54-9A1E7A4F7556}") = "05.Students", "05.Students\05.Students.csproj", "{D56C4DBB-687C-48C0-B29A-EFE80D750CC7}"
EndProject
Project("{9A19103F-16F7-4668-BE54-9A1E7A4F7556}") = "06.Students2.0", "06.Students2.0\06.Students2.0.csproj", "{46F1B551-5B6D-480A-B90A-FD201CDA0F8D}"
EndProject
Project("{9A19103F-16F7-4668-BE54-9A1E7A4F7556}") = "07.StoreBoxes", "07.StoreBoxes\07.StoreBoxes.csproj", "{7D747437-BB75-4F1A-BDD5-9A22D5FF2B5B}"
EndProject
Project("{9A19103F-16F7-4668-BE54-9A1E7A4F7556}") = "08.VehicleCatalogue", "08.VehicleCatalogue\08.VehicleCatalogue.csproj", "{E40DE56C-2460-4522-ABA1-B1301FCDDAD0}"
EndProject
Project("{2150E333-8FDC-42A3-9474-1A3956D46DE8}") = "Objects-and-Classes-Exersice", "Objects-and-Classes-Exersice", "{33063999-37F0-4D3B-9816-7A94B5FFA77C}"
EndProject
Project("{9A19103F-16F7-4668-BE54-9A1E7A4F7556}") = "01.AdvertisementMessage", "01.AdvertisementMessage\01.AdvertisementMessage.csproj", "{52A5D79C-7F04-4E0E-9365-CB3D7C6F0457}"
EndProject
Project("{9A19103F-16F7-4668-BE54-9A1E7A4F7556}") = "02.Articles", "02.Articles\02.Articles.csproj", "{15DD51BD-7CCF-4271-846A-E81C4585E200}"
EndProject
Project("{9A19103F-16F7-4668-BE54-9A1E7A4F7556}") = "03.Articles2", "03.Articles2\03.Articles2.csproj", "{EEB459F4-B981-494F-8A71-2B12D6688C98}"
EndProject
Project("{9A19103F-16F7-4668-BE54-9A1E7A4F7556}") = "04.Students", "04.Students\04.Students.csproj", "{CBF57A53-000B-45BB-8174-29BB531177F5}"
EndProject
Project("{9A19103F-16F7-4668-BE54-9A1E7A4F7556}") = "05.TeamworkProjects", "05.TeamworkProjects\05.TeamworkProjects.csproj", "{455F4198-019E-4526-AB2F-ECE03E7B982D}"
EndProject
Project("{9A19103F-16F7-4668-BE54-9A1E7A4F7556}") = "06.VehicleCatalogue", "06.VehicleCatalogue\06.VehicleCatalogue.csproj", "{3742B689-C7AF-4320-881B-0F25ABD74468}"
EndProject
Project("{9A19103F-16F7-4668-BE54-9A1E7A4F7556}") = "07.OrderByAge", "07.OrderByAge\07.OrderByAge.csproj", "{803ABB99-943B-4B66-ABBD-C3314D60633D}"
EndProject
Project("{2150E333-8FDC-42A3-9474-1A3956D46DE8}") = "Objects-and-Classes-More-Exersice", "Objects-and-Classes-More-Exersice", "{2F67E6C4-4C2E-4AB4-8D1B-A12B333E6370}"
EndProject
Project("{9A19103F-16F7-4668-BE54-9A1E7A4F7556}") = "01.CompanyRoster", "01.CompanyRoster\01.CompanyRoster.csproj", "{4D733EA5-6F74-4E88-BC95-75E4951636FF}"
EndProject
Project("{9A19103F-16F7-4668-BE54-9A1E7A4F7556}") = "02.OldestFamilyMember", "02.OldestFamilyMember\02.OldestFamilyMember.csproj", "{D287312F-4737-4BDF-9554-E40A7776CA72}"
EndProject
Project("{9A19103F-16F7-4668-BE54-9A1E7A4F7556}") = "03.SpeedRacing", "03.SpeedRacing\03.SpeedRacing.csproj", "{C1E7B43F-8B89-4482-AC1F-698861BC7717}"
EndProject
Project("{9A19103F-16F7-4668-BE54-9A1E7A4F7556}") = "04.RawData", "04.RawData\04.RawData.csproj", "{B96F441D-DB76-4DDA-9D5B-71E93C418068}"
EndProject
Project("{9A19103F-16F7-4668-BE54-9A1E7A4F7556}") = "05.ShoppingSpree", "05.ShoppingSpree\05.ShoppingSpree.csproj", "{F20F7E66-39AB-4F12-99B2-2BC554F2CB3A}"
EndProject
Global
	GlobalSection(SolutionConfigurationPlatforms) = preSolution
		Debug|Any CPU = Debug|Any CPU
		Release|Any CPU = Release|Any CPU
	EndGlobalSection
	GlobalSection(ProjectConfigurationPlatforms) = postSolution
		{17D9624B-7E41-4345-95EB-AF922DD2DA5C}.Debug|Any CPU.ActiveCfg = Debug|Any CPU
		{17D9624B-7E41-4345-95EB-AF922DD2DA5C}.Debug|Any CPU.Build.0 = Debug|Any CPU
		{17D9624B-7E41-4345-95EB-AF922DD2DA5C}.Release|Any CPU.ActiveCfg = Release|Any CPU
		{17D9624B-7E41-4345-95EB-AF922DD2DA5C}.Release|Any CPU.Build.0 = Release|Any CPU
		{EA25D511-E28B-4885-A995-AD4449E3182A}.Debug|Any CPU.ActiveCfg = Debug|Any CPU
		{EA25D511-E28B-4885-A995-AD4449E3182A}.Debug|Any CPU.Build.0 = Debug|Any CPU
		{EA25D511-E28B-4885-A995-AD4449E3182A}.Release|Any CPU.ActiveCfg = Release|Any CPU
		{EA25D511-E28B-4885-A995-AD4449E3182A}.Release|Any CPU.Build.0 = Release|Any CPU
		{A05F5A0A-5FD6-4E53-8A05-8A7CA8C16704}.Debug|Any CPU.ActiveCfg = Debug|Any CPU
		{A05F5A0A-5FD6-4E53-8A05-8A7CA8C16704}.Debug|Any CPU.Build.0 = Debug|Any CPU
		{A05F5A0A-5FD6-4E53-8A05-8A7CA8C16704}.Release|Any CPU.ActiveCfg = Release|Any CPU
		{A05F5A0A-5FD6-4E53-8A05-8A7CA8C16704}.Release|Any CPU.Build.0 = Release|Any CPU
		{B2BDEE65-4507-4AD4-A0BC-7E94364A0AE7}.Debug|Any CPU.ActiveCfg = Debug|Any CPU
		{B2BDEE65-4507-4AD4-A0BC-7E94364A0AE7}.Debug|Any CPU.Build.0 = Debug|Any CPU
		{B2BDEE65-4507-4AD4-A0BC-7E94364A0AE7}.Release|Any CPU.ActiveCfg = Release|Any CPU
		{B2BDEE65-4507-4AD4-A0BC-7E94364A0AE7}.Release|Any CPU.Build.0 = Release|Any CPU
		{D56C4DBB-687C-48C0-B29A-EFE80D750CC7}.Debug|Any CPU.ActiveCfg = Debug|Any CPU
		{D56C4DBB-687C-48C0-B29A-EFE80D750CC7}.Debug|Any CPU.Build.0 = Debug|Any CPU
		{D56C4DBB-687C-48C0-B29A-EFE80D750CC7}.Release|Any CPU.ActiveCfg = Release|Any CPU
		{D56C4DBB-687C-48C0-B29A-EFE80D750CC7}.Release|Any CPU.Build.0 = Release|Any CPU
		{46F1B551-5B6D-480A-B90A-FD201CDA0F8D}.Debug|Any CPU.ActiveCfg = Debug|Any CPU
		{46F1B551-5B6D-480A-B90A-FD201CDA0F8D}.Debug|Any CPU.Build.0 = Debug|Any CPU
		{46F1B551-5B6D-480A-B90A-FD201CDA0F8D}.Release|Any CPU.ActiveCfg = Release|Any CPU
		{46F1B551-5B6D-480A-B90A-FD201CDA0F8D}.Release|Any CPU.Build.0 = Release|Any CPU
		{7D747437-BB75-4F1A-BDD5-9A22D5FF2B5B}.Debug|Any CPU.ActiveCfg = Debug|Any CPU
		{7D747437-BB75-4F1A-BDD5-9A22D5FF2B5B}.Debug|Any CPU.Build.0 = Debug|Any CPU
		{7D747437-BB75-4F1A-BDD5-9A22D5FF2B5B}.Release|Any CPU.ActiveCfg = Release|Any CPU
		{7D747437-BB75-4F1A-BDD5-9A22D5FF2B5B}.Release|Any CPU.Build.0 = Release|Any CPU
		{E40DE56C-2460-4522-ABA1-B1301FCDDAD0}.Debug|Any CPU.ActiveCfg = Debug|Any CPU
		{E40DE56C-2460-4522-ABA1-B1301FCDDAD0}.Debug|Any CPU.Build.0 = Debug|Any CPU
		{E40DE56C-2460-4522-ABA1-B1301FCDDAD0}.Release|Any CPU.ActiveCfg = Release|Any CPU
		{E40DE56C-2460-4522-ABA1-B1301FCDDAD0}.Release|Any CPU.Build.0 = Release|Any CPU
		{52A5D79C-7F04-4E0E-9365-CB3D7C6F0457}.Debug|Any CPU.ActiveCfg = Debug|Any CPU
		{52A5D79C-7F04-4E0E-9365-CB3D7C6F0457}.Debug|Any CPU.Build.0 = Debug|Any CPU
		{52A5D79C-7F04-4E0E-9365-CB3D7C6F0457}.Release|Any CPU.ActiveCfg = Release|Any CPU
		{52A5D79C-7F04-4E0E-9365-CB3D7C6F0457}.Release|Any CPU.Build.0 = Release|Any CPU
		{15DD51BD-7CCF-4271-846A-E81C4585E200}.Debug|Any CPU.ActiveCfg = Debug|Any CPU
		{15DD51BD-7CCF-4271-846A-E81C4585E200}.Debug|Any CPU.Build.0 = Debug|Any CPU
		{15DD51BD-7CCF-4271-846A-E81C4585E200}.Release|Any CPU.ActiveCfg = Release|Any CPU
		{15DD51BD-7CCF-4271-846A-E81C4585E200}.Release|Any CPU.Build.0 = Release|Any CPU
		{EEB459F4-B981-494F-8A71-2B12D6688C98}.Debug|Any CPU.ActiveCfg = Debug|Any CPU
		{EEB459F4-B981-494F-8A71-2B12D6688C98}.Debug|Any CPU.Build.0 = Debug|Any CPU
		{EEB459F4-B981-494F-8A71-2B12D6688C98}.Release|Any CPU.ActiveCfg = Release|Any CPU
		{EEB459F4-B981-494F-8A71-2B12D6688C98}.Release|Any CPU.Build.0 = Release|Any CPU
		{CBF57A53-000B-45BB-8174-29BB531177F5}.Debug|Any CPU.ActiveCfg = Debug|Any CPU
		{CBF57A53-000B-45BB-8174-29BB531177F5}.Debug|Any CPU.Build.0 = Debug|Any CPU
		{CBF57A53-000B-45BB-8174-29BB531177F5}.Release|Any CPU.ActiveCfg = Release|Any CPU
		{CBF57A53-000B-45BB-8174-29BB531177F5}.Release|Any CPU.Build.0 = Release|Any CPU
		{455F4198-019E-4526-AB2F-ECE03E7B982D}.Debug|Any CPU.ActiveCfg = Debug|Any CPU
		{455F4198-019E-4526-AB2F-ECE03E7B982D}.Debug|Any CPU.Build.0 = Debug|Any CPU
		{455F4198-019E-4526-AB2F-ECE03E7B982D}.Release|Any CPU.ActiveCfg = Release|Any CPU
		{455F4198-019E-4526-AB2F-ECE03E7B982D}.Release|Any CPU.Build.0 = Release|Any CPU
		{3742B689-C7AF-4320-881B-0F25ABD74468}.Debug|Any CPU.ActiveCfg = Debug|Any CPU
		{3742B689-C7AF-4320-881B-0F25ABD74468}.Debug|Any CPU.Build.0 = Debug|Any CPU
		{3742B689-C7AF-4320-881B-0F25ABD74468}.Release|Any CPU.ActiveCfg = Release|Any CPU
		{3742B689-C7AF-4320-881B-0F25ABD74468}.Release|Any CPU.Build.0 = Release|Any CPU
		{803ABB99-943B-4B66-ABBD-C3314D60633D}.Debug|Any CPU.ActiveCfg = Debug|Any CPU
		{803ABB99-943B-4B66-ABBD-C3314D60633D}.Debug|Any CPU.Build.0 = Debug|Any CPU
		{803ABB99-943B-4B66-ABBD-C3314D60633D}.Release|Any CPU.ActiveCfg = Release|Any CPU
		{803ABB99-943B-4B66-ABBD-C3314D60633D}.Release|Any CPU.Build.0 = Release|Any CPU
		{4D733EA5-6F74-4E88-BC95-75E4951636FF}.Debug|Any CPU.ActiveCfg = Debug|Any CPU
		{4D733EA5-6F74-4E88-BC95-75E4951636FF}.Debug|Any CPU.Build.0 = Debug|Any CPU
		{4D733EA5-6F74-4E88-BC95-75E4951636FF}.Release|Any CPU.ActiveCfg = Release|Any CPU
		{4D733EA5-6F74-4E88-BC95-75E4951636FF}.Release|Any CPU.Build.0 = Release|Any CPU
		{D287312F-4737-4BDF-9554-E40A7776CA72}.Debug|Any CPU.ActiveCfg = Debug|Any CPU
		{D287312F-4737-4BDF-9554-E40A7776CA72}.Debug|Any CPU.Build.0 = Debug|Any CPU
		{D287312F-4737-4BDF-9554-E40A7776CA72}.Release|Any CPU.ActiveCfg = Release|Any CPU
		{D287312F-4737-4BDF-9554-E40A7776CA72}.Release|Any CPU.Build.0 = Release|Any CPU
		{C1E7B43F-8B89-4482-AC1F-698861BC7717}.Debug|Any CPU.ActiveCfg = Debug|Any CPU
		{C1E7B43F-8B89-4482-AC1F-698861BC7717}.Debug|Any CPU.Build.0 = Debug|Any CPU
		{C1E7B43F-8B89-4482-AC1F-698861BC7717}.Release|Any CPU.ActiveCfg = Release|Any CPU
		{C1E7B43F-8B89-4482-AC1F-698861BC7717}.Release|Any CPU.Build.0 = Release|Any CPU
		{B96F441D-DB76-4DDA-9D5B-71E93C418068}.Debug|Any CPU.ActiveCfg = Debug|Any CPU
		{B96F441D-DB76-4DDA-9D5B-71E93C418068}.Debug|Any CPU.Build.0 = Debug|Any CPU
		{B96F441D-DB76-4DDA-9D5B-71E93C418068}.Release|Any CPU.ActiveCfg = Release|Any CPU
		{B96F441D-DB76-4DDA-9D5B-71E93C418068}.Release|Any CPU.Build.0 = Release|Any CPU
		{F20F7E66-39AB-4F12-99B2-2BC554F2CB3A}.Debug|Any CPU.ActiveCfg = Debug|Any CPU
		{F20F7E66-39AB-4F12-99B2-2BC554F2CB3A}.Debug|Any CPU.Build.0 = Debug|Any CPU
		{F20F7E66-39AB-4F12-99B2-2BC554F2CB3A}.Release|Any CPU.ActiveCfg = Release|Any CPU
		{F20F7E66-39AB-4F12-99B2-2BC554F2CB3A}.Release|Any CPU.Build.0 = Release|Any CPU
	EndGlobalSection
	GlobalSection(SolutionProperties) = preSolution
		HideSolutionNode = FALSE
	EndGlobalSection
	GlobalSection(NestedProjects) = preSolution
		{17D9624B-7E41-4345-95EB-AF922DD2DA5C} = {7CF912AA-2304-42AE-85E3-70479F2E13ED}
		{EA25D511-E28B-4885-A995-AD4449E3182A} = {7CF912AA-2304-42AE-85E3-70479F2E13ED}
		{A05F5A0A-5FD6-4E53-8A05-8A7CA8C16704} = {7CF912AA-2304-42AE-85E3-70479F2E13ED}
		{B2BDEE65-4507-4AD4-A0BC-7E94364A0AE7} = {7CF912AA-2304-42AE-85E3-70479F2E13ED}
		{D56C4DBB-687C-48C0-B29A-EFE80D750CC7} = {7CF912AA-2304-42AE-85E3-70479F2E13ED}
		{46F1B551-5B6D-480A-B90A-FD201CDA0F8D} = {7CF912AA-2304-42AE-85E3-70479F2E13ED}
		{7D747437-BB75-4F1A-BDD5-9A22D5FF2B5B} = {7CF912AA-2304-42AE-85E3-70479F2E13ED}
		{E40DE56C-2460-4522-ABA1-B1301FCDDAD0} = {7CF912AA-2304-42AE-85E3-70479F2E13ED}
		{52A5D79C-7F04-4E0E-9365-CB3D7C6F0457} = {33063999-37F0-4D3B-9816-7A94B5FFA77C}
		{15DD51BD-7CCF-4271-846A-E81C4585E200} = {33063999-37F0-4D3B-9816-7A94B5FFA77C}
		{EEB459F4-B981-494F-8A71-2B12D6688C98} = {33063999-37F0-4D3B-9816-7A94B5FFA77C}
		{CBF57A53-000B-45BB-8174-29BB531177F5} = {33063999-37F0-4D3B-9816-7A94B5FFA77C}
		{455F4198-019E-4526-AB2F-ECE03E7B982D} = {33063999-37F0-4D3B-9816-7A94B5FFA77C}
		{3742B689-C7AF-4320-881B-0F25ABD74468} = {33063999-37F0-4D3B-9816-7A94B5FFA77C}
		{803ABB99-943B-4B66-ABBD-C3314D60633D} = {33063999-37F0-4D3B-9816-7A94B5FFA77C}
		{4D733EA5-6F74-4E88-BC95-75E4951636FF} = {2F67E6C4-4C2E-4AB4-8D1B-A12B333E6370}
		{D287312F-4737-4BDF-9554-E40A7776CA72} = {2F67E6C4-4C2E-4AB4-8D1B-A12B333E6370}
		{C1E7B43F-8B89-4482-AC1F-698861BC7717} = {2F67E6C4-4C2E-4AB4-8D1B-A12B333E6370}
		{B96F441D-DB76-4DDA-9D5B-71E93C418068} = {2F67E6C4-4C2E-4AB4-8D1B-A12B333E6370}
		{F20F7E66-39AB-4F12-99B2-2BC554F2CB3A} = {2F67E6C4-4C2E-4AB4-8D1B-A12B333E6370}
	EndGlobalSection
	GlobalSection(ExtensibilityGlobals) = postSolution
		SolutionGuid = {42A96835-6D2A-4F4A-B138-DEC8A5398899}
	EndGlobalSection
EndGlobal
