
Microsoft Visual Studio Solution File, Format Version 12.00
# Visual Studio 15
VisualStudioVersion = 15.0.28306.52
MinimumVisualStudioVersion = 10.0.40219.1
Project("{9A19103F-16F7-4668-BE54-9A1E7A4F7556}") = "01.DiagonalDifference", "01.DiagonalDifference\01.DiagonalDifference.csproj", "{293D9C2A-37FE-4BFA-8A20-9FBEABC27B5E}"
EndProject
Project("{9A19103F-16F7-4668-BE54-9A1E7A4F7556}") = "02.2x2SquaresInMatrix", "02.2x2SquaresInMatrix\02.2x2SquaresInMatrix.csproj", "{33786273-7009-4F4C-98D0-77E25EFA41A4}"
EndProject
Project("{9A19103F-16F7-4668-BE54-9A1E7A4F7556}") = "03.MaximalSum", "03.MaximalSum\03.MaximalSum.csproj", "{43548647-3E62-49D6-B6E6-5663C1EF1A02}"
EndProject
Project("{9A19103F-16F7-4668-BE54-9A1E7A4F7556}") = "04.MatrixShuffling", "04.MatrixShuffling\04.MatrixShuffling.csproj", "{E01998D2-9887-4BC1-8CEA-B0E03FF1FA45}"
EndProject
Project("{9A19103F-16F7-4668-BE54-9A1E7A4F7556}") = "05.SnakeMoves", "05.SnakeMoves\05.SnakeMoves.csproj", "{152F5067-5D82-48A1-9AE9-697CEB9F6030}"
EndProject
Project("{9A19103F-16F7-4668-BE54-9A1E7A4F7556}") = "06.BombTheBasement", "06.BombTheBasement\06.BombTheBasement.csproj", "{83F0980A-22BB-44A9-B916-473102B05F0A}"
EndProject
Project("{9A19103F-16F7-4668-BE54-9A1E7A4F7556}") = "07.KnightGame", "07.KnightGame\07.KnightGame.csproj", "{4CA2248B-C24A-44E6-91B5-57B2CA12E7EF}"
EndProject
Project("{9A19103F-16F7-4668-BE54-9A1E7A4F7556}") = "08.Bombs", "08.Bombs\08.Bombs.csproj", "{F2DE31F8-0CF9-4217-BCFE-C896BEAB0C6F}"
EndProject
Project("{9A19103F-16F7-4668-BE54-9A1E7A4F7556}") = "09.Miner", "09.Miner\09.Miner.csproj", "{84964067-EC46-4CAC-B9DC-752E202FBEFD}"
EndProject
Project("{9A19103F-16F7-4668-BE54-9A1E7A4F7556}") = "10.RadioactiveMutantVampireBunnies", "10.RadioactiveMutantVampireBunnies\10.RadioactiveMutantVampireBunnies.csproj", "{E0D0AA27-602C-4C2C-8FBA-F2D51C279F7F}"
EndProject
Project("{2150E333-8FDC-42A3-9474-1A3956D46DE8}") = "Exercise", "Exercise", "{4BED2465-083C-405A-A047-D57000F053B9}"
EndProject
Project("{9A19103F-16F7-4668-BE54-9A1E7A4F7556}") = "01.SumMatrixElements", "01.SumMatrixElements\01.SumMatrixElements.csproj", "{AB7D5F2A-CB4F-4DC5-B41C-387785092AC9}"
EndProject
Project("{9A19103F-16F7-4668-BE54-9A1E7A4F7556}") = "02.SumMatrixColumns", "02.SumMatrixColumns\02.SumMatrixColumns.csproj", "{BA0BA9CE-4F56-48F4-9E5A-8EDB14AE6224}"
EndProject
Project("{9A19103F-16F7-4668-BE54-9A1E7A4F7556}") = "03.PrimaryDiagonal", "03.PrimaryDiagonal\03.PrimaryDiagonal.csproj", "{D5A1ADC1-1F5C-4986-B075-1EEC7C5A7012}"
EndProject
Project("{9A19103F-16F7-4668-BE54-9A1E7A4F7556}") = "04.SymbolInMatrix", "04.SymbolInMatrix\04.SymbolInMatrix.csproj", "{4DB358F3-5611-414B-B503-DCBB6E0941D3}"
EndProject
Project("{9A19103F-16F7-4668-BE54-9A1E7A4F7556}") = "05.SquareWithMaximumSum", "05.SquareWithMaximumSum\05.SquareWithMaximumSum.csproj", "{22D7AFFE-695D-4937-95AD-1B7DD75B6886}"
EndProject
Project("{9A19103F-16F7-4668-BE54-9A1E7A4F7556}") = "06.Jagged-ArrayModification", "06.Jagged-ArrayModification\06.Jagged-ArrayModification.csproj", "{75DE5BDF-13CF-4466-AE3C-6C55445FD0E5}"
EndProject
Project("{9A19103F-16F7-4668-BE54-9A1E7A4F7556}") = "07.PascalTriangle", "07.PascalTriangle\07.PascalTriangle.csproj", "{4A38A94B-AE50-4D01-A1B5-56182A1FFA5B}"
EndProject
Project("{2150E333-8FDC-42A3-9474-1A3956D46DE8}") = "Lab", "Lab", "{ED40EF81-62EA-4FDF-9955-35C6D8A2F593}"
EndProject
Global
	GlobalSection(SolutionConfigurationPlatforms) = preSolution
		Debug|Any CPU = Debug|Any CPU
		Release|Any CPU = Release|Any CPU
	EndGlobalSection
	GlobalSection(ProjectConfigurationPlatforms) = postSolution
		{293D9C2A-37FE-4BFA-8A20-9FBEABC27B5E}.Debug|Any CPU.ActiveCfg = Debug|Any CPU
		{293D9C2A-37FE-4BFA-8A20-9FBEABC27B5E}.Debug|Any CPU.Build.0 = Debug|Any CPU
		{293D9C2A-37FE-4BFA-8A20-9FBEABC27B5E}.Release|Any CPU.ActiveCfg = Release|Any CPU
		{293D9C2A-37FE-4BFA-8A20-9FBEABC27B5E}.Release|Any CPU.Build.0 = Release|Any CPU
		{33786273-7009-4F4C-98D0-77E25EFA41A4}.Debug|Any CPU.ActiveCfg = Debug|Any CPU
		{33786273-7009-4F4C-98D0-77E25EFA41A4}.Debug|Any CPU.Build.0 = Debug|Any CPU
		{33786273-7009-4F4C-98D0-77E25EFA41A4}.Release|Any CPU.ActiveCfg = Release|Any CPU
		{33786273-7009-4F4C-98D0-77E25EFA41A4}.Release|Any CPU.Build.0 = Release|Any CPU
		{43548647-3E62-49D6-B6E6-5663C1EF1A02}.Debug|Any CPU.ActiveCfg = Debug|Any CPU
		{43548647-3E62-49D6-B6E6-5663C1EF1A02}.Debug|Any CPU.Build.0 = Debug|Any CPU
		{43548647-3E62-49D6-B6E6-5663C1EF1A02}.Release|Any CPU.ActiveCfg = Release|Any CPU
		{43548647-3E62-49D6-B6E6-5663C1EF1A02}.Release|Any CPU.Build.0 = Release|Any CPU
		{E01998D2-9887-4BC1-8CEA-B0E03FF1FA45}.Debug|Any CPU.ActiveCfg = Debug|Any CPU
		{E01998D2-9887-4BC1-8CEA-B0E03FF1FA45}.Debug|Any CPU.Build.0 = Debug|Any CPU
		{E01998D2-9887-4BC1-8CEA-B0E03FF1FA45}.Release|Any CPU.ActiveCfg = Release|Any CPU
		{E01998D2-9887-4BC1-8CEA-B0E03FF1FA45}.Release|Any CPU.Build.0 = Release|Any CPU
		{152F5067-5D82-48A1-9AE9-697CEB9F6030}.Debug|Any CPU.ActiveCfg = Debug|Any CPU
		{152F5067-5D82-48A1-9AE9-697CEB9F6030}.Debug|Any CPU.Build.0 = Debug|Any CPU
		{152F5067-5D82-48A1-9AE9-697CEB9F6030}.Release|Any CPU.ActiveCfg = Release|Any CPU
		{152F5067-5D82-48A1-9AE9-697CEB9F6030}.Release|Any CPU.Build.0 = Release|Any CPU
		{83F0980A-22BB-44A9-B916-473102B05F0A}.Debug|Any CPU.ActiveCfg = Debug|Any CPU
		{83F0980A-22BB-44A9-B916-473102B05F0A}.Debug|Any CPU.Build.0 = Debug|Any CPU
		{83F0980A-22BB-44A9-B916-473102B05F0A}.Release|Any CPU.ActiveCfg = Release|Any CPU
		{83F0980A-22BB-44A9-B916-473102B05F0A}.Release|Any CPU.Build.0 = Release|Any CPU
		{4CA2248B-C24A-44E6-91B5-57B2CA12E7EF}.Debug|Any CPU.ActiveCfg = Debug|Any CPU
		{4CA2248B-C24A-44E6-91B5-57B2CA12E7EF}.Debug|Any CPU.Build.0 = Debug|Any CPU
		{4CA2248B-C24A-44E6-91B5-57B2CA12E7EF}.Release|Any CPU.ActiveCfg = Release|Any CPU
		{4CA2248B-C24A-44E6-91B5-57B2CA12E7EF}.Release|Any CPU.Build.0 = Release|Any CPU
		{F2DE31F8-0CF9-4217-BCFE-C896BEAB0C6F}.Debug|Any CPU.ActiveCfg = Debug|Any CPU
		{F2DE31F8-0CF9-4217-BCFE-C896BEAB0C6F}.Debug|Any CPU.Build.0 = Debug|Any CPU
		{F2DE31F8-0CF9-4217-BCFE-C896BEAB0C6F}.Release|Any CPU.ActiveCfg = Release|Any CPU
		{F2DE31F8-0CF9-4217-BCFE-C896BEAB0C6F}.Release|Any CPU.Build.0 = Release|Any CPU
		{84964067-EC46-4CAC-B9DC-752E202FBEFD}.Debug|Any CPU.ActiveCfg = Debug|Any CPU
		{84964067-EC46-4CAC-B9DC-752E202FBEFD}.Debug|Any CPU.Build.0 = Debug|Any CPU
		{84964067-EC46-4CAC-B9DC-752E202FBEFD}.Release|Any CPU.ActiveCfg = Release|Any CPU
		{84964067-EC46-4CAC-B9DC-752E202FBEFD}.Release|Any CPU.Build.0 = Release|Any CPU
		{E0D0AA27-602C-4C2C-8FBA-F2D51C279F7F}.Debug|Any CPU.ActiveCfg = Debug|Any CPU
		{E0D0AA27-602C-4C2C-8FBA-F2D51C279F7F}.Debug|Any CPU.Build.0 = Debug|Any CPU
		{E0D0AA27-602C-4C2C-8FBA-F2D51C279F7F}.Release|Any CPU.ActiveCfg = Release|Any CPU
		{E0D0AA27-602C-4C2C-8FBA-F2D51C279F7F}.Release|Any CPU.Build.0 = Release|Any CPU
		{AB7D5F2A-CB4F-4DC5-B41C-387785092AC9}.Debug|Any CPU.ActiveCfg = Debug|Any CPU
		{AB7D5F2A-CB4F-4DC5-B41C-387785092AC9}.Debug|Any CPU.Build.0 = Debug|Any CPU
		{AB7D5F2A-CB4F-4DC5-B41C-387785092AC9}.Release|Any CPU.ActiveCfg = Release|Any CPU
		{AB7D5F2A-CB4F-4DC5-B41C-387785092AC9}.Release|Any CPU.Build.0 = Release|Any CPU
		{BA0BA9CE-4F56-48F4-9E5A-8EDB14AE6224}.Debug|Any CPU.ActiveCfg = Debug|Any CPU
		{BA0BA9CE-4F56-48F4-9E5A-8EDB14AE6224}.Debug|Any CPU.Build.0 = Debug|Any CPU
		{BA0BA9CE-4F56-48F4-9E5A-8EDB14AE6224}.Release|Any CPU.ActiveCfg = Release|Any CPU
		{BA0BA9CE-4F56-48F4-9E5A-8EDB14AE6224}.Release|Any CPU.Build.0 = Release|Any CPU
		{D5A1ADC1-1F5C-4986-B075-1EEC7C5A7012}.Debug|Any CPU.ActiveCfg = Debug|Any CPU
		{D5A1ADC1-1F5C-4986-B075-1EEC7C5A7012}.Debug|Any CPU.Build.0 = Debug|Any CPU
		{D5A1ADC1-1F5C-4986-B075-1EEC7C5A7012}.Release|Any CPU.ActiveCfg = Release|Any CPU
		{D5A1ADC1-1F5C-4986-B075-1EEC7C5A7012}.Release|Any CPU.Build.0 = Release|Any CPU
		{4DB358F3-5611-414B-B503-DCBB6E0941D3}.Debug|Any CPU.ActiveCfg = Debug|Any CPU
		{4DB358F3-5611-414B-B503-DCBB6E0941D3}.Debug|Any CPU.Build.0 = Debug|Any CPU
		{4DB358F3-5611-414B-B503-DCBB6E0941D3}.Release|Any CPU.ActiveCfg = Release|Any CPU
		{4DB358F3-5611-414B-B503-DCBB6E0941D3}.Release|Any CPU.Build.0 = Release|Any CPU
		{22D7AFFE-695D-4937-95AD-1B7DD75B6886}.Debug|Any CPU.ActiveCfg = Debug|Any CPU
		{22D7AFFE-695D-4937-95AD-1B7DD75B6886}.Debug|Any CPU.Build.0 = Debug|Any CPU
		{22D7AFFE-695D-4937-95AD-1B7DD75B6886}.Release|Any CPU.ActiveCfg = Release|Any CPU
		{22D7AFFE-695D-4937-95AD-1B7DD75B6886}.Release|Any CPU.Build.0 = Release|Any CPU
		{75DE5BDF-13CF-4466-AE3C-6C55445FD0E5}.Debug|Any CPU.ActiveCfg = Debug|Any CPU
		{75DE5BDF-13CF-4466-AE3C-6C55445FD0E5}.Debug|Any CPU.Build.0 = Debug|Any CPU
		{75DE5BDF-13CF-4466-AE3C-6C55445FD0E5}.Release|Any CPU.ActiveCfg = Release|Any CPU
		{75DE5BDF-13CF-4466-AE3C-6C55445FD0E5}.Release|Any CPU.Build.0 = Release|Any CPU
		{4A38A94B-AE50-4D01-A1B5-56182A1FFA5B}.Debug|Any CPU.ActiveCfg = Debug|Any CPU
		{4A38A94B-AE50-4D01-A1B5-56182A1FFA5B}.Debug|Any CPU.Build.0 = Debug|Any CPU
		{4A38A94B-AE50-4D01-A1B5-56182A1FFA5B}.Release|Any CPU.ActiveCfg = Release|Any CPU
		{4A38A94B-AE50-4D01-A1B5-56182A1FFA5B}.Release|Any CPU.Build.0 = Release|Any CPU
	EndGlobalSection
	GlobalSection(SolutionProperties) = preSolution
		HideSolutionNode = FALSE
	EndGlobalSection
	GlobalSection(NestedProjects) = preSolution
		{293D9C2A-37FE-4BFA-8A20-9FBEABC27B5E} = {4BED2465-083C-405A-A047-D57000F053B9}
		{33786273-7009-4F4C-98D0-77E25EFA41A4} = {4BED2465-083C-405A-A047-D57000F053B9}
		{43548647-3E62-49D6-B6E6-5663C1EF1A02} = {4BED2465-083C-405A-A047-D57000F053B9}
		{E01998D2-9887-4BC1-8CEA-B0E03FF1FA45} = {4BED2465-083C-405A-A047-D57000F053B9}
		{152F5067-5D82-48A1-9AE9-697CEB9F6030} = {4BED2465-083C-405A-A047-D57000F053B9}
		{83F0980A-22BB-44A9-B916-473102B05F0A} = {4BED2465-083C-405A-A047-D57000F053B9}
		{4CA2248B-C24A-44E6-91B5-57B2CA12E7EF} = {4BED2465-083C-405A-A047-D57000F053B9}
		{F2DE31F8-0CF9-4217-BCFE-C896BEAB0C6F} = {4BED2465-083C-405A-A047-D57000F053B9}
		{84964067-EC46-4CAC-B9DC-752E202FBEFD} = {4BED2465-083C-405A-A047-D57000F053B9}
		{E0D0AA27-602C-4C2C-8FBA-F2D51C279F7F} = {4BED2465-083C-405A-A047-D57000F053B9}
		{AB7D5F2A-CB4F-4DC5-B41C-387785092AC9} = {ED40EF81-62EA-4FDF-9955-35C6D8A2F593}
		{BA0BA9CE-4F56-48F4-9E5A-8EDB14AE6224} = {ED40EF81-62EA-4FDF-9955-35C6D8A2F593}
		{D5A1ADC1-1F5C-4986-B075-1EEC7C5A7012} = {ED40EF81-62EA-4FDF-9955-35C6D8A2F593}
		{4DB358F3-5611-414B-B503-DCBB6E0941D3} = {ED40EF81-62EA-4FDF-9955-35C6D8A2F593}
		{22D7AFFE-695D-4937-95AD-1B7DD75B6886} = {ED40EF81-62EA-4FDF-9955-35C6D8A2F593}
		{75DE5BDF-13CF-4466-AE3C-6C55445FD0E5} = {ED40EF81-62EA-4FDF-9955-35C6D8A2F593}
		{4A38A94B-AE50-4D01-A1B5-56182A1FFA5B} = {ED40EF81-62EA-4FDF-9955-35C6D8A2F593}
	EndGlobalSection
	GlobalSection(ExtensibilityGlobals) = postSolution
		SolutionGuid = {0D22F694-CE5F-4B17-AD13-1F2FE120038E}
	EndGlobalSection
EndGlobal
