
Microsoft Visual Studio Solution File, Format Version 12.00
# Visual Studio Version 16
VisualStudioVersion = 16.0.29411.108
MinimumVisualStudioVersion = 10.0.40219.1
Project("{2150E333-8FDC-42A3-9474-1A3956D46DE8}") = "OptionalParameters", "OptionalParameters", "{A9691E26-43D4-428A-84E9-E14DD239DA8F}"
EndProject
Project("{9A19103F-16F7-4668-BE54-9A1E7A4F7556}") = "OptionalParameters.Library", "OptionalParameters\OptionalParameters.Library\OptionalParameters.Library.csproj", "{FA522C7A-84BE-47CE-9B76-C70AC78A1D51}"
EndProject
Project("{9A19103F-16F7-4668-BE54-9A1E7A4F7556}") = "OptionalParameters.Client", "OptionalParameters\OptionalParameters.Client\OptionalParameters.Client.csproj", "{FC92A341-192E-4147-9300-51D985D8BFE8}"
EndProject
Project("{2150E333-8FDC-42A3-9474-1A3956D46DE8}") = "SyntacticSugar", "SyntacticSugar", "{D12774F6-83D8-4817-9554-0C4C2CCB4DEC}"
EndProject
Project("{9A19103F-16F7-4668-BE54-9A1E7A4F7556}") = "CastingVsAsOperator", "SyntacticSugar\CastingVsAsOperator\CastingVsAsOperator.csproj", "{ABCBBEA5-2165-4FC5-B7DC-18B5817B67D5}"
EndProject
Project("{9A19103F-16F7-4668-BE54-9A1E7A4F7556}") = "CombinableEnumValues", "SyntacticSugar\CombinableEnumValues\CombinableEnumValues.csproj", "{3A174474-910B-4D80-A654-55EE3D473E57}"
EndProject
Project("{9A19103F-16F7-4668-BE54-9A1E7A4F7556}") = "ConstrainingGenerics", "SyntacticSugar\ConstrainingGenerics\ConstrainingGenerics.csproj", "{BCE67769-B866-4F3F-84F3-BD72FCE16BA8}"
EndProject
Project("{9A19103F-16F7-4668-BE54-9A1E7A4F7556}") = "CovarianceAndContravariance", "SyntacticSugar\CovarianceAndContravariance\CovarianceAndContravariance.csproj", "{F850C374-0158-454C-AEEB-F4251B76048B}"
EndProject
Project("{9A19103F-16F7-4668-BE54-9A1E7A4F7556}") = "Yield", "SyntacticSugar\Yield\Yield.csproj", "{6E409323-2E5A-4A9A-8D11-CCB82AA19EE1}"
EndProject
Project("{2150E333-8FDC-42A3-9474-1A3956D46DE8}") = "Traps", "Traps", "{C9BF6CA6-C92D-4228-811D-B720E74607A0}"
EndProject
Project("{9A19103F-16F7-4668-BE54-9A1E7A4F7556}") = "ChangingHashCode", "Traps\ChangingHashCode\ChangingHashCode.csproj", "{165A42CD-8536-4366-A084-22C4D995B343}"
EndProject
Project("{9A19103F-16F7-4668-BE54-9A1E7A4F7556}") = "CompareStructs", "Traps\CompareStructs\CompareStructs.csproj", "{E003E5D1-9C20-4043-81B8-79C177D9C822}"
EndProject
Project("{9A19103F-16F7-4668-BE54-9A1E7A4F7556}") = "ExceptionsInStaticConstructors", "Traps\ExceptionsInStaticConstructors\ExceptionsInStaticConstructors.csproj", "{C593CBED-0977-4218-A699-DB26AB905573}"
EndProject
Project("{9A19103F-16F7-4668-BE54-9A1E7A4F7556}") = "LinqMultipleEnumeration", "Traps\LinqMultipleEnumeration\LinqMultipleEnumeration.csproj", "{2EE475BE-37FC-4A59-BAED-B8E503424C99}"
EndProject
Project("{9A19103F-16F7-4668-BE54-9A1E7A4F7556}") = "PreservingStacktraceWhenRethrowingExceptions", "Traps\PreservingStacktraceWhenRethrowingExceptions\PreservingStacktraceWhenRethrowingExceptions.csproj", "{30BB32A8-1A02-4154-A9C6-AEB34FA3EC8F}"
EndProject
Project("{9A19103F-16F7-4668-BE54-9A1E7A4F7556}") = "RandomNumbers", "Traps\RandomNumbers\RandomNumbers.csproj", "{3C58A488-22EB-4297-A208-4271D1E1FFF3}"
EndProject
Project("{9A19103F-16F7-4668-BE54-9A1E7A4F7556}") = "References", "Traps\References\References.csproj", "{C7B019B1-C857-4E0A-9AF9-7810AE662C98}"
EndProject
Project("{9A19103F-16F7-4668-BE54-9A1E7A4F7556}") = "VirtualCallInConstructor", "Traps\VirtualCallInConstructor\VirtualCallInConstructor.csproj", "{A6B5D940-D962-4791-B760-1041320BB454}"
EndProject
Project("{2150E333-8FDC-42A3-9474-1A3956D46DE8}") = "UsefulClassesAndMethods", "UsefulClassesAndMethods", "{97380E03-E6BD-4EBC-A6BE-63E448FA9B85}"
EndProject
Project("{9A19103F-16F7-4668-BE54-9A1E7A4F7556}") = "CombineSequences", "UsefulClassesAndMethods\CombineSequences\CombineSequences.csproj", "{FFDFFDE9-22D7-4189-9F92-2918171DCB62}"
EndProject
Project("{9A19103F-16F7-4668-BE54-9A1E7A4F7556}") = "FileSystemWatcherClass", "UsefulClassesAndMethods\FileSystemWatcherClass\FileSystemWatcherClass.csproj", "{C07CFBA4-5FBD-47A7-96A8-C1EA4F32FAB9}"
EndProject
Project("{9A19103F-16F7-4668-BE54-9A1E7A4F7556}") = "MethodDeprecation", "UsefulClassesAndMethods\MethodDeprecation\MethodDeprecation.csproj", "{2FBC298A-A1CC-42A3-A341-24FB1384AD12}"
EndProject
Project("{9A19103F-16F7-4668-BE54-9A1E7A4F7556}") = "Tuples", "UsefulClassesAndMethods\Tuples\Tuples.csproj", "{285911F0-02FC-4A9A-A4B2-6B8AF94FCACB}"
EndProject
Project("{2150E333-8FDC-42A3-9474-1A3956D46DE8}") = "UnitTesting", "UnitTesting", "{1B8707B2-4D2E-4096-AFC2-2C9387FAB944}"
EndProject
Project("{9A19103F-16F7-4668-BE54-9A1E7A4F7556}") = "ExposeInternals", "UnitTesting\ExposeInternals\ExposeInternals.csproj", "{180FE0BE-D814-4778-B5B5-4B5610C64352}"
EndProject
Project("{9A19103F-16F7-4668-BE54-9A1E7A4F7556}") = "ExposeInternals.Tests", "UnitTesting\ExposeInternals.Tests\ExposeInternals.Tests.csproj", "{C4BC5A3F-D819-4567-8C14-94D11C5809FD}"
EndProject
Project("{9A19103F-16F7-4668-BE54-9A1E7A4F7556}") = "StringReferences", "Traps\StringReferences\StringReferences.csproj", "{F4340344-B026-4795-A1D7-CAFCFA805DA9}"
EndProject
Project("{2150E333-8FDC-42A3-9474-1A3956D46DE8}") = "Debugging", "Debugging", "{0977319E-74AF-48C1-85EB-3E63A1451639}"
EndProject
Project("{FAE04EC0-301F-11D3-BF4B-00C04F79EFBC}") = "DebuggerVariableDisplay", "Debugging\DebuggerVariableDisplay\DebuggerVariableDisplay.csproj", "{61874B61-0A60-4FFF-A5B8-CB19EA338EA1}"
EndProject
Project("{FAE04EC0-301F-11D3-BF4B-00C04F79EFBC}") = "CallerInfoAttributes", "Debugging\CallerInfoAttributes\CallerInfoAttributes.csproj", "{3A94D8BF-1501-4F65-B724-49EFA990953C}"
EndProject
Project("{FAE04EC0-301F-11D3-BF4B-00C04F79EFBC}") = "PreprocessorSymbols", "Debugging\PreprocessorSymbols\PreprocessorSymbols.csproj", "{01C036CC-4C31-4915-9709-1C752E9A6815}"
EndProject
Global
	GlobalSection(SolutionConfigurationPlatforms) = preSolution
		Debug|Any CPU = Debug|Any CPU
		Release|Any CPU = Release|Any CPU
	EndGlobalSection
	GlobalSection(ProjectConfigurationPlatforms) = postSolution
		{FA522C7A-84BE-47CE-9B76-C70AC78A1D51}.Debug|Any CPU.ActiveCfg = Debug|Any CPU
		{FA522C7A-84BE-47CE-9B76-C70AC78A1D51}.Debug|Any CPU.Build.0 = Debug|Any CPU
		{FA522C7A-84BE-47CE-9B76-C70AC78A1D51}.Release|Any CPU.ActiveCfg = Release|Any CPU
		{FA522C7A-84BE-47CE-9B76-C70AC78A1D51}.Release|Any CPU.Build.0 = Release|Any CPU
		{FC92A341-192E-4147-9300-51D985D8BFE8}.Debug|Any CPU.ActiveCfg = Debug|Any CPU
		{FC92A341-192E-4147-9300-51D985D8BFE8}.Debug|Any CPU.Build.0 = Debug|Any CPU
		{FC92A341-192E-4147-9300-51D985D8BFE8}.Release|Any CPU.ActiveCfg = Release|Any CPU
		{FC92A341-192E-4147-9300-51D985D8BFE8}.Release|Any CPU.Build.0 = Release|Any CPU
		{ABCBBEA5-2165-4FC5-B7DC-18B5817B67D5}.Debug|Any CPU.ActiveCfg = Debug|Any CPU
		{ABCBBEA5-2165-4FC5-B7DC-18B5817B67D5}.Debug|Any CPU.Build.0 = Debug|Any CPU
		{ABCBBEA5-2165-4FC5-B7DC-18B5817B67D5}.Release|Any CPU.ActiveCfg = Release|Any CPU
		{ABCBBEA5-2165-4FC5-B7DC-18B5817B67D5}.Release|Any CPU.Build.0 = Release|Any CPU
		{3A174474-910B-4D80-A654-55EE3D473E57}.Debug|Any CPU.ActiveCfg = Debug|Any CPU
		{3A174474-910B-4D80-A654-55EE3D473E57}.Debug|Any CPU.Build.0 = Debug|Any CPU
		{3A174474-910B-4D80-A654-55EE3D473E57}.Release|Any CPU.ActiveCfg = Release|Any CPU
		{3A174474-910B-4D80-A654-55EE3D473E57}.Release|Any CPU.Build.0 = Release|Any CPU
		{BCE67769-B866-4F3F-84F3-BD72FCE16BA8}.Debug|Any CPU.ActiveCfg = Debug|Any CPU
		{BCE67769-B866-4F3F-84F3-BD72FCE16BA8}.Debug|Any CPU.Build.0 = Debug|Any CPU
		{BCE67769-B866-4F3F-84F3-BD72FCE16BA8}.Release|Any CPU.ActiveCfg = Release|Any CPU
		{BCE67769-B866-4F3F-84F3-BD72FCE16BA8}.Release|Any CPU.Build.0 = Release|Any CPU
		{F850C374-0158-454C-AEEB-F4251B76048B}.Debug|Any CPU.ActiveCfg = Debug|Any CPU
		{F850C374-0158-454C-AEEB-F4251B76048B}.Debug|Any CPU.Build.0 = Debug|Any CPU
		{F850C374-0158-454C-AEEB-F4251B76048B}.Release|Any CPU.ActiveCfg = Release|Any CPU
		{F850C374-0158-454C-AEEB-F4251B76048B}.Release|Any CPU.Build.0 = Release|Any CPU
		{6E409323-2E5A-4A9A-8D11-CCB82AA19EE1}.Debug|Any CPU.ActiveCfg = Debug|Any CPU
		{6E409323-2E5A-4A9A-8D11-CCB82AA19EE1}.Debug|Any CPU.Build.0 = Debug|Any CPU
		{6E409323-2E5A-4A9A-8D11-CCB82AA19EE1}.Release|Any CPU.ActiveCfg = Release|Any CPU
		{6E409323-2E5A-4A9A-8D11-CCB82AA19EE1}.Release|Any CPU.Build.0 = Release|Any CPU
		{165A42CD-8536-4366-A084-22C4D995B343}.Debug|Any CPU.ActiveCfg = Debug|Any CPU
		{165A42CD-8536-4366-A084-22C4D995B343}.Debug|Any CPU.Build.0 = Debug|Any CPU
		{165A42CD-8536-4366-A084-22C4D995B343}.Release|Any CPU.ActiveCfg = Release|Any CPU
		{165A42CD-8536-4366-A084-22C4D995B343}.Release|Any CPU.Build.0 = Release|Any CPU
		{E003E5D1-9C20-4043-81B8-79C177D9C822}.Debug|Any CPU.ActiveCfg = Debug|Any CPU
		{E003E5D1-9C20-4043-81B8-79C177D9C822}.Debug|Any CPU.Build.0 = Debug|Any CPU
		{E003E5D1-9C20-4043-81B8-79C177D9C822}.Release|Any CPU.ActiveCfg = Release|Any CPU
		{E003E5D1-9C20-4043-81B8-79C177D9C822}.Release|Any CPU.Build.0 = Release|Any CPU
		{C593CBED-0977-4218-A699-DB26AB905573}.Debug|Any CPU.ActiveCfg = Debug|Any CPU
		{C593CBED-0977-4218-A699-DB26AB905573}.Debug|Any CPU.Build.0 = Debug|Any CPU
		{C593CBED-0977-4218-A699-DB26AB905573}.Release|Any CPU.ActiveCfg = Release|Any CPU
		{C593CBED-0977-4218-A699-DB26AB905573}.Release|Any CPU.Build.0 = Release|Any CPU
		{2EE475BE-37FC-4A59-BAED-B8E503424C99}.Debug|Any CPU.ActiveCfg = Debug|Any CPU
		{2EE475BE-37FC-4A59-BAED-B8E503424C99}.Debug|Any CPU.Build.0 = Debug|Any CPU
		{2EE475BE-37FC-4A59-BAED-B8E503424C99}.Release|Any CPU.ActiveCfg = Release|Any CPU
		{2EE475BE-37FC-4A59-BAED-B8E503424C99}.Release|Any CPU.Build.0 = Release|Any CPU
		{30BB32A8-1A02-4154-A9C6-AEB34FA3EC8F}.Debug|Any CPU.ActiveCfg = Debug|Any CPU
		{30BB32A8-1A02-4154-A9C6-AEB34FA3EC8F}.Debug|Any CPU.Build.0 = Debug|Any CPU
		{30BB32A8-1A02-4154-A9C6-AEB34FA3EC8F}.Release|Any CPU.ActiveCfg = Release|Any CPU
		{30BB32A8-1A02-4154-A9C6-AEB34FA3EC8F}.Release|Any CPU.Build.0 = Release|Any CPU
		{3C58A488-22EB-4297-A208-4271D1E1FFF3}.Debug|Any CPU.ActiveCfg = Debug|Any CPU
		{3C58A488-22EB-4297-A208-4271D1E1FFF3}.Debug|Any CPU.Build.0 = Debug|Any CPU
		{3C58A488-22EB-4297-A208-4271D1E1FFF3}.Release|Any CPU.ActiveCfg = Release|Any CPU
		{3C58A488-22EB-4297-A208-4271D1E1FFF3}.Release|Any CPU.Build.0 = Release|Any CPU
		{C7B019B1-C857-4E0A-9AF9-7810AE662C98}.Debug|Any CPU.ActiveCfg = Debug|Any CPU
		{C7B019B1-C857-4E0A-9AF9-7810AE662C98}.Debug|Any CPU.Build.0 = Debug|Any CPU
		{C7B019B1-C857-4E0A-9AF9-7810AE662C98}.Release|Any CPU.ActiveCfg = Release|Any CPU
		{C7B019B1-C857-4E0A-9AF9-7810AE662C98}.Release|Any CPU.Build.0 = Release|Any CPU
		{A6B5D940-D962-4791-B760-1041320BB454}.Debug|Any CPU.ActiveCfg = Debug|Any CPU
		{A6B5D940-D962-4791-B760-1041320BB454}.Debug|Any CPU.Build.0 = Debug|Any CPU
		{A6B5D940-D962-4791-B760-1041320BB454}.Release|Any CPU.ActiveCfg = Release|Any CPU
		{A6B5D940-D962-4791-B760-1041320BB454}.Release|Any CPU.Build.0 = Release|Any CPU
		{FFDFFDE9-22D7-4189-9F92-2918171DCB62}.Debug|Any CPU.ActiveCfg = Debug|Any CPU
		{FFDFFDE9-22D7-4189-9F92-2918171DCB62}.Debug|Any CPU.Build.0 = Debug|Any CPU
		{FFDFFDE9-22D7-4189-9F92-2918171DCB62}.Release|Any CPU.ActiveCfg = Release|Any CPU
		{FFDFFDE9-22D7-4189-9F92-2918171DCB62}.Release|Any CPU.Build.0 = Release|Any CPU
		{C07CFBA4-5FBD-47A7-96A8-C1EA4F32FAB9}.Debug|Any CPU.ActiveCfg = Debug|Any CPU
		{C07CFBA4-5FBD-47A7-96A8-C1EA4F32FAB9}.Debug|Any CPU.Build.0 = Debug|Any CPU
		{C07CFBA4-5FBD-47A7-96A8-C1EA4F32FAB9}.Release|Any CPU.ActiveCfg = Release|Any CPU
		{C07CFBA4-5FBD-47A7-96A8-C1EA4F32FAB9}.Release|Any CPU.Build.0 = Release|Any CPU
		{2FBC298A-A1CC-42A3-A341-24FB1384AD12}.Debug|Any CPU.ActiveCfg = Debug|Any CPU
		{2FBC298A-A1CC-42A3-A341-24FB1384AD12}.Debug|Any CPU.Build.0 = Debug|Any CPU
		{2FBC298A-A1CC-42A3-A341-24FB1384AD12}.Release|Any CPU.ActiveCfg = Release|Any CPU
		{2FBC298A-A1CC-42A3-A341-24FB1384AD12}.Release|Any CPU.Build.0 = Release|Any CPU
		{285911F0-02FC-4A9A-A4B2-6B8AF94FCACB}.Debug|Any CPU.ActiveCfg = Debug|Any CPU
		{285911F0-02FC-4A9A-A4B2-6B8AF94FCACB}.Debug|Any CPU.Build.0 = Debug|Any CPU
		{285911F0-02FC-4A9A-A4B2-6B8AF94FCACB}.Release|Any CPU.ActiveCfg = Release|Any CPU
		{285911F0-02FC-4A9A-A4B2-6B8AF94FCACB}.Release|Any CPU.Build.0 = Release|Any CPU
		{180FE0BE-D814-4778-B5B5-4B5610C64352}.Debug|Any CPU.ActiveCfg = Debug|Any CPU
		{180FE0BE-D814-4778-B5B5-4B5610C64352}.Debug|Any CPU.Build.0 = Debug|Any CPU
		{180FE0BE-D814-4778-B5B5-4B5610C64352}.Release|Any CPU.ActiveCfg = Release|Any CPU
		{180FE0BE-D814-4778-B5B5-4B5610C64352}.Release|Any CPU.Build.0 = Release|Any CPU
		{C4BC5A3F-D819-4567-8C14-94D11C5809FD}.Debug|Any CPU.ActiveCfg = Debug|Any CPU
		{C4BC5A3F-D819-4567-8C14-94D11C5809FD}.Debug|Any CPU.Build.0 = Debug|Any CPU
		{C4BC5A3F-D819-4567-8C14-94D11C5809FD}.Release|Any CPU.ActiveCfg = Release|Any CPU
		{C4BC5A3F-D819-4567-8C14-94D11C5809FD}.Release|Any CPU.Build.0 = Release|Any CPU
		{F4340344-B026-4795-A1D7-CAFCFA805DA9}.Debug|Any CPU.ActiveCfg = Debug|Any CPU
		{F4340344-B026-4795-A1D7-CAFCFA805DA9}.Debug|Any CPU.Build.0 = Debug|Any CPU
		{F4340344-B026-4795-A1D7-CAFCFA805DA9}.Release|Any CPU.ActiveCfg = Release|Any CPU
		{F4340344-B026-4795-A1D7-CAFCFA805DA9}.Release|Any CPU.Build.0 = Release|Any CPU
		{61874B61-0A60-4FFF-A5B8-CB19EA338EA1}.Debug|Any CPU.ActiveCfg = Debug|Any CPU
		{61874B61-0A60-4FFF-A5B8-CB19EA338EA1}.Debug|Any CPU.Build.0 = Debug|Any CPU
		{61874B61-0A60-4FFF-A5B8-CB19EA338EA1}.Release|Any CPU.ActiveCfg = Release|Any CPU
		{61874B61-0A60-4FFF-A5B8-CB19EA338EA1}.Release|Any CPU.Build.0 = Release|Any CPU
		{3A94D8BF-1501-4F65-B724-49EFA990953C}.Debug|Any CPU.ActiveCfg = Debug|Any CPU
		{3A94D8BF-1501-4F65-B724-49EFA990953C}.Debug|Any CPU.Build.0 = Debug|Any CPU
		{3A94D8BF-1501-4F65-B724-49EFA990953C}.Release|Any CPU.ActiveCfg = Release|Any CPU
		{3A94D8BF-1501-4F65-B724-49EFA990953C}.Release|Any CPU.Build.0 = Release|Any CPU
		{01C036CC-4C31-4915-9709-1C752E9A6815}.Debug|Any CPU.ActiveCfg = Debug|Any CPU
		{01C036CC-4C31-4915-9709-1C752E9A6815}.Debug|Any CPU.Build.0 = Debug|Any CPU
		{01C036CC-4C31-4915-9709-1C752E9A6815}.Release|Any CPU.ActiveCfg = Release|Any CPU
		{01C036CC-4C31-4915-9709-1C752E9A6815}.Release|Any CPU.Build.0 = Release|Any CPU
	EndGlobalSection
	GlobalSection(SolutionProperties) = preSolution
		HideSolutionNode = FALSE
	EndGlobalSection
	GlobalSection(NestedProjects) = preSolution
		{FA522C7A-84BE-47CE-9B76-C70AC78A1D51} = {A9691E26-43D4-428A-84E9-E14DD239DA8F}
		{FC92A341-192E-4147-9300-51D985D8BFE8} = {A9691E26-43D4-428A-84E9-E14DD239DA8F}
		{ABCBBEA5-2165-4FC5-B7DC-18B5817B67D5} = {D12774F6-83D8-4817-9554-0C4C2CCB4DEC}
		{3A174474-910B-4D80-A654-55EE3D473E57} = {D12774F6-83D8-4817-9554-0C4C2CCB4DEC}
		{BCE67769-B866-4F3F-84F3-BD72FCE16BA8} = {D12774F6-83D8-4817-9554-0C4C2CCB4DEC}
		{F850C374-0158-454C-AEEB-F4251B76048B} = {D12774F6-83D8-4817-9554-0C4C2CCB4DEC}
		{6E409323-2E5A-4A9A-8D11-CCB82AA19EE1} = {D12774F6-83D8-4817-9554-0C4C2CCB4DEC}
		{165A42CD-8536-4366-A084-22C4D995B343} = {C9BF6CA6-C92D-4228-811D-B720E74607A0}
		{E003E5D1-9C20-4043-81B8-79C177D9C822} = {C9BF6CA6-C92D-4228-811D-B720E74607A0}
		{C593CBED-0977-4218-A699-DB26AB905573} = {C9BF6CA6-C92D-4228-811D-B720E74607A0}
		{2EE475BE-37FC-4A59-BAED-B8E503424C99} = {C9BF6CA6-C92D-4228-811D-B720E74607A0}
		{30BB32A8-1A02-4154-A9C6-AEB34FA3EC8F} = {C9BF6CA6-C92D-4228-811D-B720E74607A0}
		{3C58A488-22EB-4297-A208-4271D1E1FFF3} = {C9BF6CA6-C92D-4228-811D-B720E74607A0}
		{C7B019B1-C857-4E0A-9AF9-7810AE662C98} = {C9BF6CA6-C92D-4228-811D-B720E74607A0}
		{A6B5D940-D962-4791-B760-1041320BB454} = {C9BF6CA6-C92D-4228-811D-B720E74607A0}
		{FFDFFDE9-22D7-4189-9F92-2918171DCB62} = {97380E03-E6BD-4EBC-A6BE-63E448FA9B85}
		{C07CFBA4-5FBD-47A7-96A8-C1EA4F32FAB9} = {97380E03-E6BD-4EBC-A6BE-63E448FA9B85}
		{2FBC298A-A1CC-42A3-A341-24FB1384AD12} = {97380E03-E6BD-4EBC-A6BE-63E448FA9B85}
		{285911F0-02FC-4A9A-A4B2-6B8AF94FCACB} = {97380E03-E6BD-4EBC-A6BE-63E448FA9B85}
		{180FE0BE-D814-4778-B5B5-4B5610C64352} = {1B8707B2-4D2E-4096-AFC2-2C9387FAB944}
		{C4BC5A3F-D819-4567-8C14-94D11C5809FD} = {1B8707B2-4D2E-4096-AFC2-2C9387FAB944}
		{F4340344-B026-4795-A1D7-CAFCFA805DA9} = {C9BF6CA6-C92D-4228-811D-B720E74607A0}
		{61874B61-0A60-4FFF-A5B8-CB19EA338EA1} = {0977319E-74AF-48C1-85EB-3E63A1451639}
		{3A94D8BF-1501-4F65-B724-49EFA990953C} = {0977319E-74AF-48C1-85EB-3E63A1451639}
		{01C036CC-4C31-4915-9709-1C752E9A6815} = {0977319E-74AF-48C1-85EB-3E63A1451639}
	EndGlobalSection
	GlobalSection(ExtensibilityGlobals) = postSolution
		SolutionGuid = {B7C93511-E5EC-40FD-AE60-7B31AB38A330}
	EndGlobalSection
EndGlobal
